// !$*UTF8*$!
{
	archiveVersion = 1;
	classes = {
	};
	objectVersion = 56;
	objects = {

/* Begin PBXBuildFile section */
		AC13C0682B85FB1800490D2A /* Assets.xcassets in Resources */ = {isa = PBXBuildFile; fileRef = AC13C0672B85FB1800490D2A /* Assets.xcassets */; };
		AC13C06C2B86007400490D2A /* UIKit.swift in Sources */ = {isa = PBXBuildFile; fileRef = AC13C06B2B86007400490D2A /* UIKit.swift */; };
		AC13C0742B86334000490D2A /* Buttons.swift in Sources */ = {isa = PBXBuildFile; fileRef = AC13C0732B86334000490D2A /* Buttons.swift */; };
		AC13C0762B86865300490D2A /* Texts.swift in Sources */ = {isa = PBXBuildFile; fileRef = AC13C0752B86865300490D2A /* Texts.swift */; };
		AC329B5D2B911A7000090A47 /* TMDb in Frameworks */ = {isa = PBXBuildFile; productRef = AC329B5C2B911A7000090A47 /* TMDb */; };
		AC329B5F2B912AA100090A47 /* DiscoverViewModel.swift in Sources */ = {isa = PBXBuildFile; fileRef = AC329B5E2B912AA100090A47 /* DiscoverViewModel.swift */; };
		AC329B612B912AF800090A47 /* ShowType.swift in Sources */ = {isa = PBXBuildFile; fileRef = AC329B602B912AF800090A47 /* ShowType.swift */; };
		AC329B652B912C5D00090A47 /* DiscoverFiltersControls.swift in Sources */ = {isa = PBXBuildFile; fileRef = AC329B642B912C5D00090A47 /* DiscoverFiltersControls.swift */; };
		AC329B692B91306400090A47 /* Arrays.swift in Sources */ = {isa = PBXBuildFile; fileRef = AC329B682B91306400090A47 /* Arrays.swift */; };
		AC329B6B2B9134B200090A47 /* Labels.swift in Sources */ = {isa = PBXBuildFile; fileRef = AC329B6A2B9134B200090A47 /* Labels.swift */; };
		AC329B6E2B913A8900090A47 /* Genres.swift in Sources */ = {isa = PBXBuildFile; fileRef = AC329B6D2B913A8900090A47 /* Genres.swift */; };
		AC329B712B913AD800090A47 /* Images.swift in Sources */ = {isa = PBXBuildFile; fileRef = AC329B702B913AD800090A47 /* Images.swift */; };
		AC329B742B913CE200090A47 /* WrappingHStack in Frameworks */ = {isa = PBXBuildFile; productRef = AC329B732B913CE200090A47 /* WrappingHStack */; };
		AC3F3C7D2B80CC8700D306C0 /* MovieNetworkApp.swift in Sources */ = {isa = PBXBuildFile; fileRef = AC3F3C7C2B80CC8700D306C0 /* MovieNetworkApp.swift */; };
		AC3F3CE72B81218F00D306C0 /* RootView.swift in Sources */ = {isa = PBXBuildFile; fileRef = AC3F3CE62B81218F00D306C0 /* RootView.swift */; };
		AC3F3CED2B81247500D306C0 /* AppView.swift in Sources */ = {isa = PBXBuildFile; fileRef = AC3F3CEC2B81247500D306C0 /* AppView.swift */; };
		AC3F3CF22B81420600D306C0 /* OnBoardingView.swift in Sources */ = {isa = PBXBuildFile; fileRef = AC3F3CF12B81420600D306C0 /* OnBoardingView.swift */; };
		AC3F3CFD2B82256900D306C0 /* DiscoverView.swift in Sources */ = {isa = PBXBuildFile; fileRef = AC3F3CFC2B82256900D306C0 /* DiscoverView.swift */; };
		AC3F3CFF2B82257000D306C0 /* WatchlisthView.swift in Sources */ = {isa = PBXBuildFile; fileRef = AC3F3CFE2B82257000D306C0 /* WatchlisthView.swift */; };
		AC3F3D012B82257600D306C0 /* FeedView.swift in Sources */ = {isa = PBXBuildFile; fileRef = AC3F3D002B82257600D306C0 /* FeedView.swift */; };
		AC3F3D0A2B82812B00D306C0 /* AppTab.swift in Sources */ = {isa = PBXBuildFile; fileRef = AC3F3D092B82812B00D306C0 /* AppTab.swift */; };
		AC3F3D0C2B82844A00D306C0 /* DiscoverStack.swift in Sources */ = {isa = PBXBuildFile; fileRef = AC3F3D0B2B82844A00D306C0 /* DiscoverStack.swift */; };
		AC3F3D0E2B82848800D306C0 /* WatchlistStack.swift in Sources */ = {isa = PBXBuildFile; fileRef = AC3F3D0D2B82848800D306C0 /* WatchlistStack.swift */; };
		AC3F3D102B8284AA00D306C0 /* FeedStack.swift in Sources */ = {isa = PBXBuildFile; fileRef = AC3F3D0F2B8284AA00D306C0 /* FeedStack.swift */; };
		AC3F3D122B8284FA00D306C0 /* NavigationManager.swift in Sources */ = {isa = PBXBuildFile; fileRef = AC3F3D112B8284FA00D306C0 /* NavigationManager.swift */; };
		AC431CFA2B8CE8DB003AC32E /* SupabaseManager.swift in Sources */ = {isa = PBXBuildFile; fileRef = AC431CF92B8CE8DB003AC32E /* SupabaseManager.swift */; };
		AC86F6932B911748003CE5A3 /* TMDbManager.swift in Sources */ = {isa = PBXBuildFile; fileRef = AC86F6922B911748003CE5A3 /* TMDbManager.swift */; };
		AC9119BE2B86A1E000463C18 /* TextFields.swift in Sources */ = {isa = PBXBuildFile; fileRef = AC9119BD2B86A1E000463C18 /* TextFields.swift */; };
		AC9ED4772B882476001183F3 /* AuthRequiredView.swift in Sources */ = {isa = PBXBuildFile; fileRef = AC9ED4762B882476001183F3 /* AuthRequiredView.swift */; };
		AC9ED4812B8CC0AD001183F3 /* Auth in Frameworks */ = {isa = PBXBuildFile; productRef = AC9ED4802B8CC0AD001183F3 /* Auth */; };
		AC9ED4832B8CC0AD001183F3 /* Functions in Frameworks */ = {isa = PBXBuildFile; productRef = AC9ED4822B8CC0AD001183F3 /* Functions */; };
		AC9ED4852B8CC0AD001183F3 /* PostgREST in Frameworks */ = {isa = PBXBuildFile; productRef = AC9ED4842B8CC0AD001183F3 /* PostgREST */; };
		AC9ED4872B8CC0AD001183F3 /* Realtime in Frameworks */ = {isa = PBXBuildFile; productRef = AC9ED4862B8CC0AD001183F3 /* Realtime */; };
		AC9ED4892B8CC0AD001183F3 /* Storage in Frameworks */ = {isa = PBXBuildFile; productRef = AC9ED4882B8CC0AD001183F3 /* Storage */; };
		AC9ED48E2B8CC3F3001183F3 /* Auth in Frameworks */ = {isa = PBXBuildFile; productRef = AC9ED48D2B8CC3F3001183F3 /* Auth */; };
		AC9ED4902B8CC3F3001183F3 /* Functions in Frameworks */ = {isa = PBXBuildFile; productRef = AC9ED48F2B8CC3F3001183F3 /* Functions */; };
		AC9ED4922B8CC3F3001183F3 /* PostgREST in Frameworks */ = {isa = PBXBuildFile; productRef = AC9ED4912B8CC3F3001183F3 /* PostgREST */; };
		AC9ED4942B8CC3F3001183F3 /* Realtime in Frameworks */ = {isa = PBXBuildFile; productRef = AC9ED4932B8CC3F3001183F3 /* Realtime */; };
		AC9ED4962B8CC3F3001183F3 /* Storage in Frameworks */ = {isa = PBXBuildFile; productRef = AC9ED4952B8CC3F3001183F3 /* Storage */; };
		AC9ED4992B8CC5AB001183F3 /* Supabase in Frameworks */ = {isa = PBXBuildFile; productRef = AC9ED4982B8CC5AB001183F3 /* Supabase */; };
		AC9ED49B2B8CC6D8001183F3 /* SessionManager.swift in Sources */ = {isa = PBXBuildFile; fileRef = AC9ED49A2B8CC6D8001183F3 /* SessionManager.swift */; };
		ACA7F0F02B84C0F300285FAA /* UserDefaults.swift in Sources */ = {isa = PBXBuildFile; fileRef = ACA7F0EF2B84C0F300285FAA /* UserDefaults.swift */; };
		ACA7F0F62B84E3BC00285FAA /* ProfileView.swift in Sources */ = {isa = PBXBuildFile; fileRef = ACA7F0F52B84E3BC00285FAA /* ProfileView.swift */; };
		ACA7F0F82B84E43D00285FAA /* ProfileStack.swift in Sources */ = {isa = PBXBuildFile; fileRef = ACA7F0F72B84E43D00285FAA /* ProfileStack.swift */; };
		ACA7F0FA2B84E50200285FAA /* ProfileToolbar.swift in Sources */ = {isa = PBXBuildFile; fileRef = ACA7F0F92B84E50200285FAA /* ProfileToolbar.swift */; };
		ACD695532B932835006CFAD3 /* SlideOverCard in Frameworks */ = {isa = PBXBuildFile; productRef = ACD695522B932835006CFAD3 /* SlideOverCard */; };
		ACFDBCAF2B8D00B600D8AA95 /* AppleSignInButton.swift in Sources */ = {isa = PBXBuildFile; fileRef = ACFDBCAE2B8D00B600D8AA95 /* AppleSignInButton.swift */; };
		ACFDBCB42B8D4B1B00D8AA95 /* AppleSignInViewModel.swift in Sources */ = {isa = PBXBuildFile; fileRef = ACFDBCB32B8D4B1B00D8AA95 /* AppleSignInViewModel.swift */; };
		ACFDBCB62B8D54C100D8AA95 /* Alerts.swift in Sources */ = {isa = PBXBuildFile; fileRef = ACFDBCB52B8D54C100D8AA95 /* Alerts.swift */; };
/* End PBXBuildFile section */

/* Begin PBXFileReference section */
		AC13C0672B85FB1800490D2A /* Assets.xcassets */ = {isa = PBXFileReference; lastKnownFileType = folder.assetcatalog; name = Assets.xcassets; path = "../../../Desktop/movie-network-main/Movie Network/Assets.xcassets"; sourceTree = "<group>"; };
		AC13C06B2B86007400490D2A /* UIKit.swift */ = {isa = PBXFileReference; lastKnownFileType = sourcecode.swift; path = UIKit.swift; sourceTree = "<group>"; };
		AC13C0732B86334000490D2A /* Buttons.swift */ = {isa = PBXFileReference; lastKnownFileType = sourcecode.swift; path = Buttons.swift; sourceTree = "<group>"; };
		AC13C0752B86865300490D2A /* Texts.swift */ = {isa = PBXFileReference; lastKnownFileType = sourcecode.swift; path = Texts.swift; sourceTree = "<group>"; };
		AC329B5E2B912AA100090A47 /* DiscoverViewModel.swift */ = {isa = PBXFileReference; lastKnownFileType = sourcecode.swift; path = DiscoverViewModel.swift; sourceTree = "<group>"; };
		AC329B602B912AF800090A47 /* ShowType.swift */ = {isa = PBXFileReference; lastKnownFileType = sourcecode.swift; path = ShowType.swift; sourceTree = "<group>"; };
		AC329B642B912C5D00090A47 /* DiscoverFiltersControls.swift */ = {isa = PBXFileReference; lastKnownFileType = sourcecode.swift; path = DiscoverFiltersControls.swift; sourceTree = "<group>"; };
		AC329B682B91306400090A47 /* Arrays.swift */ = {isa = PBXFileReference; lastKnownFileType = sourcecode.swift; path = Arrays.swift; sourceTree = "<group>"; };
		AC329B6A2B9134B200090A47 /* Labels.swift */ = {isa = PBXFileReference; lastKnownFileType = sourcecode.swift; path = Labels.swift; sourceTree = "<group>"; };
		AC329B6D2B913A8900090A47 /* Genres.swift */ = {isa = PBXFileReference; lastKnownFileType = sourcecode.swift; path = Genres.swift; sourceTree = "<group>"; };
		AC329B702B913AD800090A47 /* Images.swift */ = {isa = PBXFileReference; lastKnownFileType = sourcecode.swift; path = Images.swift; sourceTree = "<group>"; };
		AC3F3C792B80CC8700D306C0 /* MovieNetwork.app */ = {isa = PBXFileReference; explicitFileType = wrapper.application; includeInIndex = 0; path = MovieNetwork.app; sourceTree = BUILT_PRODUCTS_DIR; };
		AC3F3C7C2B80CC8700D306C0 /* MovieNetworkApp.swift */ = {isa = PBXFileReference; lastKnownFileType = sourcecode.swift; path = MovieNetworkApp.swift; sourceTree = "<group>"; };
		AC3F3CE62B81218F00D306C0 /* RootView.swift */ = {isa = PBXFileReference; lastKnownFileType = sourcecode.swift; path = RootView.swift; sourceTree = "<group>"; };
		AC3F3CEC2B81247500D306C0 /* AppView.swift */ = {isa = PBXFileReference; lastKnownFileType = sourcecode.swift; path = AppView.swift; sourceTree = "<group>"; };
		AC3F3CF12B81420600D306C0 /* OnBoardingView.swift */ = {isa = PBXFileReference; lastKnownFileType = sourcecode.swift; path = OnBoardingView.swift; sourceTree = "<group>"; };
		AC3F3CFC2B82256900D306C0 /* DiscoverView.swift */ = {isa = PBXFileReference; lastKnownFileType = sourcecode.swift; path = DiscoverView.swift; sourceTree = "<group>"; };
		AC3F3CFE2B82257000D306C0 /* WatchlisthView.swift */ = {isa = PBXFileReference; lastKnownFileType = sourcecode.swift; path = WatchlisthView.swift; sourceTree = "<group>"; };
		AC3F3D002B82257600D306C0 /* FeedView.swift */ = {isa = PBXFileReference; lastKnownFileType = sourcecode.swift; path = FeedView.swift; sourceTree = "<group>"; };
		AC3F3D092B82812B00D306C0 /* AppTab.swift */ = {isa = PBXFileReference; lastKnownFileType = sourcecode.swift; path = AppTab.swift; sourceTree = "<group>"; };
		AC3F3D0B2B82844A00D306C0 /* DiscoverStack.swift */ = {isa = PBXFileReference; lastKnownFileType = sourcecode.swift; path = DiscoverStack.swift; sourceTree = "<group>"; };
		AC3F3D0D2B82848800D306C0 /* WatchlistStack.swift */ = {isa = PBXFileReference; lastKnownFileType = sourcecode.swift; path = WatchlistStack.swift; sourceTree = "<group>"; };
		AC3F3D0F2B8284AA00D306C0 /* FeedStack.swift */ = {isa = PBXFileReference; lastKnownFileType = sourcecode.swift; path = FeedStack.swift; sourceTree = "<group>"; };
		AC3F3D112B8284FA00D306C0 /* NavigationManager.swift */ = {isa = PBXFileReference; lastKnownFileType = sourcecode.swift; path = NavigationManager.swift; sourceTree = "<group>"; };
		AC431CF52B8CD8F5003AC32E /* Info.plist */ = {isa = PBXFileReference; lastKnownFileType = text.plist.xml; path = Info.plist; sourceTree = "<group>"; };
		AC431CF92B8CE8DB003AC32E /* SupabaseManager.swift */ = {isa = PBXFileReference; lastKnownFileType = sourcecode.swift; path = SupabaseManager.swift; sourceTree = "<group>"; };
		AC86F6922B911748003CE5A3 /* TMDbManager.swift */ = {isa = PBXFileReference; lastKnownFileType = sourcecode.swift; path = TMDbManager.swift; sourceTree = "<group>"; };
		AC9119BD2B86A1E000463C18 /* TextFields.swift */ = {isa = PBXFileReference; lastKnownFileType = sourcecode.swift; path = TextFields.swift; sourceTree = "<group>"; };
		AC9ED4762B882476001183F3 /* AuthRequiredView.swift */ = {isa = PBXFileReference; lastKnownFileType = sourcecode.swift; path = AuthRequiredView.swift; sourceTree = "<group>"; };
		AC9ED49A2B8CC6D8001183F3 /* SessionManager.swift */ = {isa = PBXFileReference; lastKnownFileType = sourcecode.swift; path = SessionManager.swift; sourceTree = "<group>"; };
		ACA7F0EF2B84C0F300285FAA /* UserDefaults.swift */ = {isa = PBXFileReference; lastKnownFileType = sourcecode.swift; path = UserDefaults.swift; sourceTree = "<group>"; };
		ACA7F0F52B84E3BC00285FAA /* ProfileView.swift */ = {isa = PBXFileReference; lastKnownFileType = sourcecode.swift; path = ProfileView.swift; sourceTree = "<group>"; };
		ACA7F0F72B84E43D00285FAA /* ProfileStack.swift */ = {isa = PBXFileReference; lastKnownFileType = sourcecode.swift; path = ProfileStack.swift; sourceTree = "<group>"; };
		ACA7F0F92B84E50200285FAA /* ProfileToolbar.swift */ = {isa = PBXFileReference; lastKnownFileType = sourcecode.swift; path = ProfileToolbar.swift; sourceTree = "<group>"; };
		ACFDBCAE2B8D00B600D8AA95 /* AppleSignInButton.swift */ = {isa = PBXFileReference; lastKnownFileType = sourcecode.swift; path = AppleSignInButton.swift; sourceTree = "<group>"; };
		ACFDBCB02B8D018A00D8AA95 /* MovieNetwork.entitlements */ = {isa = PBXFileReference; lastKnownFileType = text.plist.entitlements; path = MovieNetwork.entitlements; sourceTree = "<group>"; };
		ACFDBCB32B8D4B1B00D8AA95 /* AppleSignInViewModel.swift */ = {isa = PBXFileReference; lastKnownFileType = sourcecode.swift; path = AppleSignInViewModel.swift; sourceTree = "<group>"; };
		ACFDBCB52B8D54C100D8AA95 /* Alerts.swift */ = {isa = PBXFileReference; lastKnownFileType = sourcecode.swift; path = Alerts.swift; sourceTree = "<group>"; };
/* End PBXFileReference section */

/* Begin PBXFrameworksBuildPhase section */
		AC3F3C762B80CC8700D306C0 /* Frameworks */ = {
			isa = PBXFrameworksBuildPhase;
			buildActionMask = 2147483647;
			files = (
				AC9ED4992B8CC5AB001183F3 /* Supabase in Frameworks */,
				AC329B742B913CE200090A47 /* WrappingHStack in Frameworks */,
				AC9ED4942B8CC3F3001183F3 /* Realtime in Frameworks */,
				AC9ED4852B8CC0AD001183F3 /* PostgREST in Frameworks */,
				ACD695532B932835006CFAD3 /* SlideOverCard in Frameworks */,
				AC9ED4832B8CC0AD001183F3 /* Functions in Frameworks */,
				AC9ED48E2B8CC3F3001183F3 /* Auth in Frameworks */,
				AC9ED4812B8CC0AD001183F3 /* Auth in Frameworks */,
				AC9ED4922B8CC3F3001183F3 /* PostgREST in Frameworks */,
				AC329B5D2B911A7000090A47 /* TMDb in Frameworks */,
				AC9ED4902B8CC3F3001183F3 /* Functions in Frameworks */,
				AC9ED4892B8CC0AD001183F3 /* Storage in Frameworks */,
				AC9ED4962B8CC3F3001183F3 /* Storage in Frameworks */,
				AC9ED4872B8CC0AD001183F3 /* Realtime in Frameworks */,
			);
			runOnlyForDeploymentPostprocessing = 0;
		};
/* End PBXFrameworksBuildPhase section */

/* Begin PBXGroup section */
		AC13C06A2B86006100490D2A /* Utils */ = {
			isa = PBXGroup;
			children = (
				AC13C06B2B86007400490D2A /* UIKit.swift */,
				AC329B682B91306400090A47 /* Arrays.swift */,
			);
			path = Utils;
			sourceTree = "<group>";
		};
		AC13C0722B86068300490D2A /* Components */ = {
			isa = PBXGroup;
			children = (
				AC13C0752B86865300490D2A /* Texts.swift */,
				AC13C0732B86334000490D2A /* Buttons.swift */,
				AC9119BD2B86A1E000463C18 /* TextFields.swift */,
				ACFDBCB52B8D54C100D8AA95 /* Alerts.swift */,
				AC329B6A2B9134B200090A47 /* Labels.swift */,
			);
			path = Components;
			sourceTree = "<group>";
		};
		AC329B632B912C5000090A47 /* Components */ = {
			isa = PBXGroup;
			children = (
				AC329B642B912C5D00090A47 /* DiscoverFiltersControls.swift */,
			);
			path = Components;
			sourceTree = "<group>";
		};
		AC329B6C2B913A7800090A47 /* Lists */ = {
			isa = PBXGroup;
			children = (
				AC329B6D2B913A8900090A47 /* Genres.swift */,
			);
			path = Lists;
			sourceTree = "<group>";
		};
		AC329B6F2B913ACF00090A47 /* Utils */ = {
			isa = PBXGroup;
			children = (
				AC329B702B913AD800090A47 /* Images.swift */,
			);
			path = Utils;
			sourceTree = "<group>";
		};
		AC3F3C702B80CC8700D306C0 = {
			isa = PBXGroup;
			children = (
				AC3F3C7B2B80CC8700D306C0 /* MovieNetwork */,
				AC3F3C7A2B80CC8700D306C0 /* Products */,
				ACD695542B93284C006CFAD3 /* Frameworks */,
			);
			sourceTree = "<group>";
		};
		AC3F3C7A2B80CC8700D306C0 /* Products */ = {
			isa = PBXGroup;
			children = (
				AC3F3C792B80CC8700D306C0 /* MovieNetwork.app */,
			);
			name = Products;
			sourceTree = "<group>";
		};
		AC3F3C7B2B80CC8700D306C0 /* MovieNetwork */ = {
			isa = PBXGroup;
			children = (
				AC3F3C7C2B80CC8700D306C0 /* MovieNetworkApp.swift */,
				AC3F3CE82B8121BD00D306C0 /* App */,
				AC13C0722B86068300490D2A /* Components */,
				AC3F3D062B827E2400D306C0 /* Models */,
				ACA7F0EE2B84C0E100285FAA /* Libs */,
				AC13C06A2B86006100490D2A /* Utils */,
				AC431CF52B8CD8F5003AC32E /* Info.plist */,
				ACFDBCB02B8D018A00D8AA95 /* MovieNetwork.entitlements */,
				AC13C0672B85FB1800490D2A /* Assets.xcassets */,
			);
			path = MovieNetwork;
			sourceTree = "<group>";
		};
		AC3F3CE82B8121BD00D306C0 /* App */ = {
			isa = PBXGroup;
			children = (
				AC3F3CE62B81218F00D306C0 /* RootView.swift */,
				AC3F3CE92B81222800D306C0 /* App */,
				AC3F3CF02B8141FB00D306C0 /* OnBoarding */,
				AC9ED46B2B882017001183F3 /* Auth */,
			);
			path = App;
			sourceTree = "<group>";
		};
		AC3F3CE92B81222800D306C0 /* App */ = {
			isa = PBXGroup;
			children = (
				AC3F3CEC2B81247500D306C0 /* AppView.swift */,
				AC3F3CF92B82251600D306C0 /* Discover */,
				AC3F3CFA2B82251D00D306C0 /* Watchlist */,
				AC3F3CFB2B82252B00D306C0 /* Feed */,
				ACA7F0F42B84E3AA00285FAA /* Profile */,
			);
			path = App;
			sourceTree = "<group>";
		};
		AC3F3CF02B8141FB00D306C0 /* OnBoarding */ = {
			isa = PBXGroup;
			children = (
				AC3F3CF12B81420600D306C0 /* OnBoardingView.swift */,
			);
			path = OnBoarding;
			sourceTree = "<group>";
		};
		AC3F3CF92B82251600D306C0 /* Discover */ = {
			isa = PBXGroup;
			children = (
				AC3F3CFC2B82256900D306C0 /* DiscoverView.swift */,
				AC329B5E2B912AA100090A47 /* DiscoverViewModel.swift */,
				AC329B632B912C5000090A47 /* Components */,
			);
			path = Discover;
			sourceTree = "<group>";
		};
		AC3F3CFA2B82251D00D306C0 /* Watchlist */ = {
			isa = PBXGroup;
			children = (
				AC3F3CFE2B82257000D306C0 /* WatchlisthView.swift */,
			);
			path = Watchlist;
			sourceTree = "<group>";
		};
		AC3F3CFB2B82252B00D306C0 /* Feed */ = {
			isa = PBXGroup;
			children = (
				AC3F3D002B82257600D306C0 /* FeedView.swift */,
			);
			path = Feed;
			sourceTree = "<group>";
		};
		AC3F3D062B827E2400D306C0 /* Models */ = {
			isa = PBXGroup;
			children = (
				AC329B602B912AF800090A47 /* ShowType.swift */,
			);
			path = Models;
			sourceTree = "<group>";
		};
		AC3F3D072B827E3400D306C0 /* Navigation */ = {
			isa = PBXGroup;
			children = (
				AC3F3D112B8284FA00D306C0 /* NavigationManager.swift */,
				AC86F6902B9116B2003CE5A3 /* Models */,
			);
			name = Navigation;
			path = ../Models/Navigation;
			sourceTree = "<group>";
		};
		AC86F6902B9116B2003CE5A3 /* Models */ = {
			isa = PBXGroup;
			children = (
				AC3F3D092B82812B00D306C0 /* AppTab.swift */,
				AC3F3D0B2B82844A00D306C0 /* DiscoverStack.swift */,
				AC3F3D0D2B82848800D306C0 /* WatchlistStack.swift */,
				AC3F3D0F2B8284AA00D306C0 /* FeedStack.swift */,
				ACA7F0F72B84E43D00285FAA /* ProfileStack.swift */,
			);
			path = Models;
			sourceTree = "<group>";
		};
		AC86F6912B911736003CE5A3 /* TMDb */ = {
			isa = PBXGroup;
			children = (
				AC86F6922B911748003CE5A3 /* TMDbManager.swift */,
				AC329B6C2B913A7800090A47 /* Lists */,
				AC329B6F2B913ACF00090A47 /* Utils */,
			);
			name = TMDb;
			path = Supabase/TMDb;
			sourceTree = "<group>";
		};
		AC9ED46B2B882017001183F3 /* Auth */ = {
			isa = PBXGroup;
			children = (
				AC9ED4762B882476001183F3 /* AuthRequiredView.swift */,
				ACFDBCB22B8D4B0F00D8AA95 /* AppleSignIn */,
			);
			path = Auth;
			sourceTree = "<group>";
		};
		AC9ED48A2B8CC395001183F3 /* Supabase */ = {
			isa = PBXGroup;
			children = (
				AC431CF92B8CE8DB003AC32E /* SupabaseManager.swift */,
				AC9ED49A2B8CC6D8001183F3 /* SessionManager.swift */,
			);
			path = Supabase;
			sourceTree = "<group>";
		};
		ACA7F0EE2B84C0E100285FAA /* Libs */ = {
			isa = PBXGroup;
			children = (
				ACA7F0EF2B84C0F300285FAA /* UserDefaults.swift */,
				AC3F3D072B827E3400D306C0 /* Navigation */,
				AC9ED48A2B8CC395001183F3 /* Supabase */,
				AC86F6912B911736003CE5A3 /* TMDb */,
			);
			path = Libs;
			sourceTree = "<group>";
		};
		ACA7F0F42B84E3AA00285FAA /* Profile */ = {
			isa = PBXGroup;
			children = (
				ACA7F0F92B84E50200285FAA /* ProfileToolbar.swift */,
				ACA7F0F52B84E3BC00285FAA /* ProfileView.swift */,
			);
			path = Profile;
			sourceTree = "<group>";
		};
		ACD695542B93284C006CFAD3 /* Frameworks */ = {
			isa = PBXGroup;
			children = (
			);
			name = Frameworks;
			sourceTree = "<group>";
		};
		ACFDBCB22B8D4B0F00D8AA95 /* AppleSignIn */ = {
			isa = PBXGroup;
			children = (
				ACFDBCAE2B8D00B600D8AA95 /* AppleSignInButton.swift */,
				ACFDBCB32B8D4B1B00D8AA95 /* AppleSignInViewModel.swift */,
			);
			path = AppleSignIn;
			sourceTree = "<group>";
		};
/* End PBXGroup section */

/* Begin PBXNativeTarget section */
		AC3F3C782B80CC8700D306C0 /* MovieNetwork */ = {
			isa = PBXNativeTarget;
			buildConfigurationList = AC3F3C872B80CC8800D306C0 /* Build configuration list for PBXNativeTarget "MovieNetwork" */;
			buildPhases = (
				AC3F3C752B80CC8700D306C0 /* Sources */,
				AC3F3C762B80CC8700D306C0 /* Frameworks */,
				AC3F3C772B80CC8700D306C0 /* Resources */,
			);
			buildRules = (
			);
			dependencies = (
			);
			name = MovieNetwork;
			packageProductDependencies = (
				AC9ED4802B8CC0AD001183F3 /* Auth */,
				AC9ED4822B8CC0AD001183F3 /* Functions */,
				AC9ED4842B8CC0AD001183F3 /* PostgREST */,
				AC9ED4862B8CC0AD001183F3 /* Realtime */,
				AC9ED4882B8CC0AD001183F3 /* Storage */,
				AC9ED48D2B8CC3F3001183F3 /* Auth */,
				AC9ED48F2B8CC3F3001183F3 /* Functions */,
				AC9ED4912B8CC3F3001183F3 /* PostgREST */,
				AC9ED4932B8CC3F3001183F3 /* Realtime */,
				AC9ED4952B8CC3F3001183F3 /* Storage */,
				AC9ED4982B8CC5AB001183F3 /* Supabase */,
				AC329B5C2B911A7000090A47 /* TMDb */,
				AC329B732B913CE200090A47 /* WrappingHStack */,
				ACD695522B932835006CFAD3 /* SlideOverCard */,
			);
			productName = MovieNetwork;
			productReference = AC3F3C792B80CC8700D306C0 /* MovieNetwork.app */;
			productType = "com.apple.product-type.application";
		};
/* End PBXNativeTarget section */

/* Begin PBXProject section */
		AC3F3C712B80CC8700D306C0 /* Project object */ = {
			isa = PBXProject;
			attributes = {
				BuildIndependentTargetsInParallel = 1;
				LastSwiftUpdateCheck = 1520;
				LastUpgradeCheck = 1520;
				TargetAttributes = {
					AC3F3C782B80CC8700D306C0 = {
						CreatedOnToolsVersion = 15.2;
					};
				};
			};
			buildConfigurationList = AC3F3C742B80CC8700D306C0 /* Build configuration list for PBXProject "MovieNetwork" */;
			compatibilityVersion = "Xcode 14.0";
			developmentRegion = en;
			hasScannedForEncodings = 0;
			knownRegions = (
				en,
				Base,
			);
			mainGroup = AC3F3C702B80CC8700D306C0;
			packageReferences = (
				AC9ED47F2B8CC0AD001183F3 /* XCRemoteSwiftPackageReference "supabase-swift" */,
				AC329B5B2B911A7000090A47 /* XCRemoteSwiftPackageReference "TMDb" */,
				AC329B722B913CE200090A47 /* XCRemoteSwiftPackageReference "WrappingHStack" */,
				ACD695512B932835006CFAD3 /* XCRemoteSwiftPackageReference "SlideOverCard" */,
			);
			productRefGroup = AC3F3C7A2B80CC8700D306C0 /* Products */;
			projectDirPath = "";
			projectRoot = "";
			targets = (
				AC3F3C782B80CC8700D306C0 /* MovieNetwork */,
			);
		};
/* End PBXProject section */

/* Begin PBXResourcesBuildPhase section */
		AC3F3C772B80CC8700D306C0 /* Resources */ = {
			isa = PBXResourcesBuildPhase;
			buildActionMask = 2147483647;
			files = (
				AC13C0682B85FB1800490D2A /* Assets.xcassets in Resources */,
			);
			runOnlyForDeploymentPostprocessing = 0;
		};
/* End PBXResourcesBuildPhase section */

/* Begin PBXSourcesBuildPhase section */
		AC3F3C752B80CC8700D306C0 /* Sources */ = {
			isa = PBXSourcesBuildPhase;
			buildActionMask = 2147483647;
			files = (
				ACA7F0FA2B84E50200285FAA /* ProfileToolbar.swift in Sources */,
				AC3F3D102B8284AA00D306C0 /* FeedStack.swift in Sources */,
				AC3F3D0E2B82848800D306C0 /* WatchlistStack.swift in Sources */,
				AC329B712B913AD800090A47 /* Images.swift in Sources */,
				ACFDBCB42B8D4B1B00D8AA95 /* AppleSignInViewModel.swift in Sources */,
				AC3F3C7D2B80CC8700D306C0 /* MovieNetworkApp.swift in Sources */,
				AC9119BE2B86A1E000463C18 /* TextFields.swift in Sources */,
				ACA7F0F82B84E43D00285FAA /* ProfileStack.swift in Sources */,
				AC3F3D012B82257600D306C0 /* FeedView.swift in Sources */,
				ACFDBCAF2B8D00B600D8AA95 /* AppleSignInButton.swift in Sources */,
				AC13C0742B86334000490D2A /* Buttons.swift in Sources */,
				AC329B652B912C5D00090A47 /* DiscoverFiltersControls.swift in Sources */,
				ACA7F0F02B84C0F300285FAA /* UserDefaults.swift in Sources */,
				AC431CFA2B8CE8DB003AC32E /* SupabaseManager.swift in Sources */,
				AC329B692B91306400090A47 /* Arrays.swift in Sources */,
				AC3F3CED2B81247500D306C0 /* AppView.swift in Sources */,
				AC329B6E2B913A8900090A47 /* Genres.swift in Sources */,
				AC3F3D0C2B82844A00D306C0 /* DiscoverStack.swift in Sources */,
				AC3F3CF22B81420600D306C0 /* OnBoardingView.swift in Sources */,
				AC86F6932B911748003CE5A3 /* TMDbManager.swift in Sources */,
				ACFDBCB62B8D54C100D8AA95 /* Alerts.swift in Sources */,
				AC329B5F2B912AA100090A47 /* DiscoverViewModel.swift in Sources */,
				AC3F3D0A2B82812B00D306C0 /* AppTab.swift in Sources */,
				AC329B612B912AF800090A47 /* ShowType.swift in Sources */,
				AC13C0762B86865300490D2A /* Texts.swift in Sources */,
				AC3F3CE72B81218F00D306C0 /* RootView.swift in Sources */,
				AC3F3CFD2B82256900D306C0 /* DiscoverView.swift in Sources */,
				ACA7F0F62B84E3BC00285FAA /* ProfileView.swift in Sources */,
				AC329B6B2B9134B200090A47 /* Labels.swift in Sources */,
				AC9ED49B2B8CC6D8001183F3 /* SessionManager.swift in Sources */,
				AC13C06C2B86007400490D2A /* UIKit.swift in Sources */,
				AC3F3D122B8284FA00D306C0 /* NavigationManager.swift in Sources */,
				AC3F3CFF2B82257000D306C0 /* WatchlisthView.swift in Sources */,
				AC9ED4772B882476001183F3 /* AuthRequiredView.swift in Sources */,
			);
			runOnlyForDeploymentPostprocessing = 0;
		};
/* End PBXSourcesBuildPhase section */

/* Begin XCBuildConfiguration section */
		AC3F3C852B80CC8800D306C0 /* Debug */ = {
			isa = XCBuildConfiguration;
			buildSettings = {
				ALWAYS_SEARCH_USER_PATHS = NO;
				ASSETCATALOG_COMPILER_GENERATE_SWIFT_ASSET_SYMBOL_EXTENSIONS = YES;
				CLANG_ANALYZER_NONNULL = YES;
				CLANG_ANALYZER_NUMBER_OBJECT_CONVERSION = YES_AGGRESSIVE;
				CLANG_CXX_LANGUAGE_STANDARD = "gnu++20";
				CLANG_ENABLE_MODULES = YES;
				CLANG_ENABLE_OBJC_ARC = YES;
				CLANG_ENABLE_OBJC_WEAK = YES;
				CLANG_WARN_BLOCK_CAPTURE_AUTORELEASING = YES;
				CLANG_WARN_BOOL_CONVERSION = YES;
				CLANG_WARN_COMMA = YES;
				CLANG_WARN_CONSTANT_CONVERSION = YES;
				CLANG_WARN_DEPRECATED_OBJC_IMPLEMENTATIONS = YES;
				CLANG_WARN_DIRECT_OBJC_ISA_USAGE = YES_ERROR;
				CLANG_WARN_DOCUMENTATION_COMMENTS = YES;
				CLANG_WARN_EMPTY_BODY = YES;
				CLANG_WARN_ENUM_CONVERSION = YES;
				CLANG_WARN_INFINITE_RECURSION = YES;
				CLANG_WARN_INT_CONVERSION = YES;
				CLANG_WARN_NON_LITERAL_NULL_CONVERSION = YES;
				CLANG_WARN_OBJC_IMPLICIT_RETAIN_SELF = YES;
				CLANG_WARN_OBJC_LITERAL_CONVERSION = YES;
				CLANG_WARN_OBJC_ROOT_CLASS = YES_ERROR;
				CLANG_WARN_QUOTED_INCLUDE_IN_FRAMEWORK_HEADER = YES;
				CLANG_WARN_RANGE_LOOP_ANALYSIS = YES;
				CLANG_WARN_STRICT_PROTOTYPES = YES;
				CLANG_WARN_SUSPICIOUS_MOVE = YES;
				CLANG_WARN_UNGUARDED_AVAILABILITY = YES_AGGRESSIVE;
				CLANG_WARN_UNREACHABLE_CODE = YES;
				CLANG_WARN__DUPLICATE_METHOD_MATCH = YES;
				COPY_PHASE_STRIP = NO;
				DEBUG_INFORMATION_FORMAT = dwarf;
				ENABLE_STRICT_OBJC_MSGSEND = YES;
				ENABLE_TESTABILITY = YES;
				ENABLE_USER_SCRIPT_SANDBOXING = YES;
				GCC_C_LANGUAGE_STANDARD = gnu17;
				GCC_DYNAMIC_NO_PIC = NO;
				GCC_NO_COMMON_BLOCKS = YES;
				GCC_OPTIMIZATION_LEVEL = 0;
				GCC_PREPROCESSOR_DEFINITIONS = (
					"DEBUG=1",
					"$(inherited)",
				);
				GCC_WARN_64_TO_32_BIT_CONVERSION = YES;
				GCC_WARN_ABOUT_RETURN_TYPE = YES_ERROR;
				GCC_WARN_UNDECLARED_SELECTOR = YES;
				GCC_WARN_UNINITIALIZED_AUTOS = YES_AGGRESSIVE;
				GCC_WARN_UNUSED_FUNCTION = YES;
				GCC_WARN_UNUSED_VARIABLE = YES;
				IPHONEOS_DEPLOYMENT_TARGET = 17.2;
				LOCALIZATION_PREFERS_STRING_CATALOGS = YES;
				MTL_ENABLE_DEBUG_INFO = INCLUDE_SOURCE;
				MTL_FAST_MATH = YES;
				ONLY_ACTIVE_ARCH = YES;
				SDKROOT = iphoneos;
				SWIFT_ACTIVE_COMPILATION_CONDITIONS = "DEBUG $(inherited)";
				SWIFT_OPTIMIZATION_LEVEL = "-Onone";
			};
			name = Debug;
		};
		AC3F3C862B80CC8800D306C0 /* Release */ = {
			isa = XCBuildConfiguration;
			buildSettings = {
				ALWAYS_SEARCH_USER_PATHS = NO;
				ASSETCATALOG_COMPILER_GENERATE_SWIFT_ASSET_SYMBOL_EXTENSIONS = YES;
				CLANG_ANALYZER_NONNULL = YES;
				CLANG_ANALYZER_NUMBER_OBJECT_CONVERSION = YES_AGGRESSIVE;
				CLANG_CXX_LANGUAGE_STANDARD = "gnu++20";
				CLANG_ENABLE_MODULES = YES;
				CLANG_ENABLE_OBJC_ARC = YES;
				CLANG_ENABLE_OBJC_WEAK = YES;
				CLANG_WARN_BLOCK_CAPTURE_AUTORELEASING = YES;
				CLANG_WARN_BOOL_CONVERSION = YES;
				CLANG_WARN_COMMA = YES;
				CLANG_WARN_CONSTANT_CONVERSION = YES;
				CLANG_WARN_DEPRECATED_OBJC_IMPLEMENTATIONS = YES;
				CLANG_WARN_DIRECT_OBJC_ISA_USAGE = YES_ERROR;
				CLANG_WARN_DOCUMENTATION_COMMENTS = YES;
				CLANG_WARN_EMPTY_BODY = YES;
				CLANG_WARN_ENUM_CONVERSION = YES;
				CLANG_WARN_INFINITE_RECURSION = YES;
				CLANG_WARN_INT_CONVERSION = YES;
				CLANG_WARN_NON_LITERAL_NULL_CONVERSION = YES;
				CLANG_WARN_OBJC_IMPLICIT_RETAIN_SELF = YES;
				CLANG_WARN_OBJC_LITERAL_CONVERSION = YES;
				CLANG_WARN_OBJC_ROOT_CLASS = YES_ERROR;
				CLANG_WARN_QUOTED_INCLUDE_IN_FRAMEWORK_HEADER = YES;
				CLANG_WARN_RANGE_LOOP_ANALYSIS = YES;
				CLANG_WARN_STRICT_PROTOTYPES = YES;
				CLANG_WARN_SUSPICIOUS_MOVE = YES;
				CLANG_WARN_UNGUARDED_AVAILABILITY = YES_AGGRESSIVE;
				CLANG_WARN_UNREACHABLE_CODE = YES;
				CLANG_WARN__DUPLICATE_METHOD_MATCH = YES;
				COPY_PHASE_STRIP = NO;
				DEBUG_INFORMATION_FORMAT = "dwarf-with-dsym";
				ENABLE_NS_ASSERTIONS = NO;
				ENABLE_STRICT_OBJC_MSGSEND = YES;
				ENABLE_USER_SCRIPT_SANDBOXING = YES;
				GCC_C_LANGUAGE_STANDARD = gnu17;
				GCC_NO_COMMON_BLOCKS = YES;
				GCC_WARN_64_TO_32_BIT_CONVERSION = YES;
				GCC_WARN_ABOUT_RETURN_TYPE = YES_ERROR;
				GCC_WARN_UNDECLARED_SELECTOR = YES;
				GCC_WARN_UNINITIALIZED_AUTOS = YES_AGGRESSIVE;
				GCC_WARN_UNUSED_FUNCTION = YES;
				GCC_WARN_UNUSED_VARIABLE = YES;
				IPHONEOS_DEPLOYMENT_TARGET = 17.2;
				LOCALIZATION_PREFERS_STRING_CATALOGS = YES;
				MTL_ENABLE_DEBUG_INFO = NO;
				MTL_FAST_MATH = YES;
				SDKROOT = iphoneos;
				SWIFT_COMPILATION_MODE = wholemodule;
				VALIDATE_PRODUCT = YES;
			};
			name = Release;
		};
		AC3F3C882B80CC8800D306C0 /* Debug */ = {
			isa = XCBuildConfiguration;
			buildSettings = {
				ASSETCATALOG_COMPILER_APPICON_NAME = AppIcon;
				ASSETCATALOG_COMPILER_GLOBAL_ACCENT_COLOR_NAME = Accent9;
				CODE_SIGN_ENTITLEMENTS = MovieNetwork/MovieNetwork.entitlements;
				CODE_SIGN_STYLE = Automatic;
				CURRENT_PROJECT_VERSION = 1;
				DEVELOPMENT_TEAM = 9QWWK7W3AM;
				ENABLE_PREVIEWS = YES;
				GENERATE_INFOPLIST_FILE = YES;
				INFOPLIST_FILE = MovieNetwork/Info.plist;
				INFOPLIST_KEY_CFBundleDisplayName = "Movie Network";
				INFOPLIST_KEY_LSApplicationCategoryType = "public.app-category.social-networking";
				INFOPLIST_KEY_UIApplicationSceneManifest_Generation = YES;
				INFOPLIST_KEY_UIApplicationSupportsIndirectInputEvents = YES;
				INFOPLIST_KEY_UILaunchScreen_Generation = YES;
				INFOPLIST_KEY_UISupportedInterfaceOrientations = UIInterfaceOrientationPortrait;
				INFOPLIST_KEY_UISupportedInterfaceOrientations_iPad = "UIInterfaceOrientationLandscapeLeft UIInterfaceOrientationLandscapeRight UIInterfaceOrientationPortrait UIInterfaceOrientationPortraitUpsideDown";
				IPHONEOS_DEPLOYMENT_TARGET = 17.0;
				LD_RUNPATH_SEARCH_PATHS = (
					"$(inherited)",
					"@executable_path/Frameworks",
				);
				MARKETING_VERSION = 1.0;
				PRODUCT_BUNDLE_IDENTIFIER = xyz.druon.MovieNetwork;
				PRODUCT_NAME = "$(TARGET_NAME)";
				SWIFT_EMIT_LOC_STRINGS = YES;
				SWIFT_VERSION = 5.0;
				TARGETED_DEVICE_FAMILY = "1,2";
			};
			name = Debug;
		};
		AC3F3C892B80CC8800D306C0 /* Release */ = {
			isa = XCBuildConfiguration;
			buildSettings = {
				ASSETCATALOG_COMPILER_APPICON_NAME = AppIcon;
				ASSETCATALOG_COMPILER_GLOBAL_ACCENT_COLOR_NAME = Accent9;
				CODE_SIGN_ENTITLEMENTS = MovieNetwork/MovieNetwork.entitlements;
				CODE_SIGN_STYLE = Automatic;
				CURRENT_PROJECT_VERSION = 1;
				DEVELOPMENT_TEAM = 9QWWK7W3AM;
				ENABLE_PREVIEWS = YES;
				GENERATE_INFOPLIST_FILE = YES;
				INFOPLIST_FILE = MovieNetwork/Info.plist;
				INFOPLIST_KEY_CFBundleDisplayName = "Movie Network";
				INFOPLIST_KEY_LSApplicationCategoryType = "public.app-category.social-networking";
				INFOPLIST_KEY_UIApplicationSceneManifest_Generation = YES;
				INFOPLIST_KEY_UIApplicationSupportsIndirectInputEvents = YES;
				INFOPLIST_KEY_UILaunchScreen_Generation = YES;
				INFOPLIST_KEY_UISupportedInterfaceOrientations = UIInterfaceOrientationPortrait;
				INFOPLIST_KEY_UISupportedInterfaceOrientations_iPad = "UIInterfaceOrientationLandscapeLeft UIInterfaceOrientationLandscapeRight UIInterfaceOrientationPortrait UIInterfaceOrientationPortraitUpsideDown";
				IPHONEOS_DEPLOYMENT_TARGET = 17.0;
				LD_RUNPATH_SEARCH_PATHS = (
					"$(inherited)",
					"@executable_path/Frameworks",
				);
				MARKETING_VERSION = 1.0;
				PRODUCT_BUNDLE_IDENTIFIER = xyz.druon.MovieNetwork;
				PRODUCT_NAME = "$(TARGET_NAME)";
				SWIFT_EMIT_LOC_STRINGS = YES;
				SWIFT_VERSION = 5.0;
				TARGETED_DEVICE_FAMILY = "1,2";
			};
			name = Release;
		};
/* End XCBuildConfiguration section */

/* Begin XCConfigurationList section */
		AC3F3C742B80CC8700D306C0 /* Build configuration list for PBXProject "MovieNetwork" */ = {
			isa = XCConfigurationList;
			buildConfigurations = (
				AC3F3C852B80CC8800D306C0 /* Debug */,
				AC3F3C862B80CC8800D306C0 /* Release */,
			);
			defaultConfigurationIsVisible = 0;
			defaultConfigurationName = Release;
		};
		AC3F3C872B80CC8800D306C0 /* Build configuration list for PBXNativeTarget "MovieNetwork" */ = {
			isa = XCConfigurationList;
			buildConfigurations = (
				AC3F3C882B80CC8800D306C0 /* Debug */,
				AC3F3C892B80CC8800D306C0 /* Release */,
			);
			defaultConfigurationIsVisible = 0;
			defaultConfigurationName = Release;
		};
/* End XCConfigurationList section */

/* Begin XCRemoteSwiftPackageReference section */
		AC329B5B2B911A7000090A47 /* XCRemoteSwiftPackageReference "TMDb" */ = {
			isa = XCRemoteSwiftPackageReference;
			repositoryURL = "https://github.com/adamayoung/TMDb.git";
			requirement = {
				kind = upToNextMajorVersion;
				minimumVersion = 11.1.0;
			};
		};
		AC329B722B913CE200090A47 /* XCRemoteSwiftPackageReference "WrappingHStack" */ = {
			isa = XCRemoteSwiftPackageReference;
			repositoryURL = "https://github.com/ksemianov/WrappingHStack";
			requirement = {
				kind = upToNextMajorVersion;
				minimumVersion = 0.2.0;
			};
		};
		AC9ED47F2B8CC0AD001183F3 /* XCRemoteSwiftPackageReference "supabase-swift" */ = {
			isa = XCRemoteSwiftPackageReference;
			repositoryURL = "https://github.com/supabase-community/supabase-swift.git";
			requirement = {
				kind = upToNextMajorVersion;
				minimumVersion = 2.3.1;
			};
		};
		ACD695512B932835006CFAD3 /* XCRemoteSwiftPackageReference "SlideOverCard" */ = {
			isa = XCRemoteSwiftPackageReference;
			repositoryURL = "https://github.com/joogps/SlideOverCard.git";
			requirement = {
				kind = upToNextMajorVersion;
				minimumVersion = 2.1.0;
			};
		};
/* End XCRemoteSwiftPackageReference section */

/* Begin XCSwiftPackageProductDependency section */
		AC329B5C2B911A7000090A47 /* TMDb */ = {
			isa = XCSwiftPackageProductDependency;
			package = AC329B5B2B911A7000090A47 /* XCRemoteSwiftPackageReference "TMDb" */;
			productName = TMDb;
		};
		AC329B732B913CE200090A47 /* WrappingHStack */ = {
			isa = XCSwiftPackageProductDependency;
			package = AC329B722B913CE200090A47 /* XCRemoteSwiftPackageReference "WrappingHStack" */;
			productName = WrappingHStack;
		};
		AC9ED4802B8CC0AD001183F3 /* Auth */ = {
			isa = XCSwiftPackageProductDependency;
			package = AC9ED47F2B8CC0AD001183F3 /* XCRemoteSwiftPackageReference "supabase-swift" */;
			productName = Auth;
		};
		AC9ED4822B8CC0AD001183F3 /* Functions */ = {
			isa = XCSwiftPackageProductDependency;
			package = AC9ED47F2B8CC0AD001183F3 /* XCRemoteSwiftPackageReference "supabase-swift" */;
			productName = Functions;
		};
		AC9ED4842B8CC0AD001183F3 /* PostgREST */ = {
			isa = XCSwiftPackageProductDependency;
			package = AC9ED47F2B8CC0AD001183F3 /* XCRemoteSwiftPackageReference "supabase-swift" */;
			productName = PostgREST;
		};
		AC9ED4862B8CC0AD001183F3 /* Realtime */ = {
			isa = XCSwiftPackageProductDependency;
			package = AC9ED47F2B8CC0AD001183F3 /* XCRemoteSwiftPackageReference "supabase-swift" */;
			productName = Realtime;
		};
		AC9ED4882B8CC0AD001183F3 /* Storage */ = {
			isa = XCSwiftPackageProductDependency;
			package = AC9ED47F2B8CC0AD001183F3 /* XCRemoteSwiftPackageReference "supabase-swift" */;
			productName = Storage;
		};
		AC9ED48D2B8CC3F3001183F3 /* Auth */ = {
			isa = XCSwiftPackageProductDependency;
			package = AC9ED47F2B8CC0AD001183F3 /* XCRemoteSwiftPackageReference "supabase-swift" */;
			productName = Auth;
		};
		AC9ED48F2B8CC3F3001183F3 /* Functions */ = {
			isa = XCSwiftPackageProductDependency;
			package = AC9ED47F2B8CC0AD001183F3 /* XCRemoteSwiftPackageReference "supabase-swift" */;
			productName = Functions;
		};
		AC9ED4912B8CC3F3001183F3 /* PostgREST */ = {
			isa = XCSwiftPackageProductDependency;
			package = AC9ED47F2B8CC0AD001183F3 /* XCRemoteSwiftPackageReference "supabase-swift" */;
			productName = PostgREST;
		};
		AC9ED4932B8CC3F3001183F3 /* Realtime */ = {
			isa = XCSwiftPackageProductDependency;
			package = AC9ED47F2B8CC0AD001183F3 /* XCRemoteSwiftPackageReference "supabase-swift" */;
			productName = Realtime;
		};
		AC9ED4952B8CC3F3001183F3 /* Storage */ = {
			isa = XCSwiftPackageProductDependency;
			package = AC9ED47F2B8CC0AD001183F3 /* XCRemoteSwiftPackageReference "supabase-swift" */;
			productName = Storage;
		};
		AC9ED4982B8CC5AB001183F3 /* Supabase */ = {
			isa = XCSwiftPackageProductDependency;
			package = AC9ED47F2B8CC0AD001183F3 /* XCRemoteSwiftPackageReference "supabase-swift" */;
			productName = Supabase;
		};
		ACD695522B932835006CFAD3 /* SlideOverCard */ = {
			isa = XCSwiftPackageProductDependency;
			package = ACD695512B932835006CFAD3 /* XCRemoteSwiftPackageReference "SlideOverCard" */;
			productName = SlideOverCard;
		};
/* End XCSwiftPackageProductDependency section */
	};
	rootObject = AC3F3C712B80CC8700D306C0 /* Project object */;
}
