// !$*UTF8*$!
{
	archiveVersion = 1;
	classes = {
	};
	objectVersion = 56;
	objects = {

/* Begin PBXBuildFile section */
		AC2798B12BA5DA8600B599D3 /* WatchlistsRow.swift in Sources */ = {isa = PBXBuildFile; fileRef = AC2798B02BA5DA8600B599D3 /* WatchlistsRow.swift */; };
		AC2798B32BA5DC7C00B599D3 /* ShowsRow.swift in Sources */ = {isa = PBXBuildFile; fileRef = AC2798B22BA5DC7C00B599D3 /* ShowsRow.swift */; };
		AC59609F2B9B64B000857FB2 /* VideoSize.swift in Sources */ = {isa = PBXBuildFile; fileRef = AC59609E2B9B64B000857FB2 /* VideoSize.swift */; };
		AC5960A12B9B64E300857FB2 /* VideoType.swift in Sources */ = {isa = PBXBuildFile; fileRef = AC5960A02B9B64E300857FB2 /* VideoType.swift */; };
		AC5960A32B9B651600857FB2 /* VideoMetadata.swift in Sources */ = {isa = PBXBuildFile; fileRef = AC5960A22B9B651600857FB2 /* VideoMetadata.swift */; };
		AC5960A52B9B654200857FB2 /* VideoCollection.swift in Sources */ = {isa = PBXBuildFile; fileRef = AC5960A42B9B654200857FB2 /* VideoCollection.swift */; };
		AC5960A72B9B674500857FB2 /* ShowCredits.swift in Sources */ = {isa = PBXBuildFile; fileRef = AC5960A62B9B674500857FB2 /* ShowCredits.swift */; };
		AC5960A92B9B75EC00857FB2 /* Backdrops.swift in Sources */ = {isa = PBXBuildFile; fileRef = AC5960A82B9B75EC00857FB2 /* Backdrops.swift */; };
		AC5960AC2B9B8B5E00857FB2 /* YouTubePlayerKit in Frameworks */ = {isa = PBXBuildFile; productRef = AC5960AB2B9B8B5E00857FB2 /* YouTubePlayerKit */; };
		AC5960AE2B9B8B6700857FB2 /* Videos.swift in Sources */ = {isa = PBXBuildFile; fileRef = AC5960AD2B9B8B6700857FB2 /* Videos.swift */; };
		AC5960B12B9B8C6500857FB2 /* ShowTrailer.swift in Sources */ = {isa = PBXBuildFile; fileRef = AC5960B02B9B8C6500857FB2 /* ShowTrailer.swift */; };
		AC5960B32B9BD07100857FB2 /* TMDbSampleData.swift in Sources */ = {isa = PBXBuildFile; fileRef = AC5960B22B9BD07100857FB2 /* TMDbSampleData.swift */; };
		AC5960B52B9BD94900857FB2 /* ShowHeader.swift in Sources */ = {isa = PBXBuildFile; fileRef = AC5960B42B9BD94900857FB2 /* ShowHeader.swift */; };
		AC5960B72B9BDAC400857FB2 /* Dates.swift in Sources */ = {isa = PBXBuildFile; fileRef = AC5960B62B9BDAC400857FB2 /* Dates.swift */; };
		AC5960B92B9BDAFD00857FB2 /* Numbers.swift in Sources */ = {isa = PBXBuildFile; fileRef = AC5960B82B9BDAFD00857FB2 /* Numbers.swift */; };
		AC5960BB2B9BDD8100857FB2 /* Strings.swift in Sources */ = {isa = PBXBuildFile; fileRef = AC5960BA2B9BDD8100857FB2 /* Strings.swift */; };
		AC5960BD2B9BE76F00857FB2 /* TextBlock.swift in Sources */ = {isa = PBXBuildFile; fileRef = AC5960BC2B9BE76F00857FB2 /* TextBlock.swift */; };
		AC5960BF2B9BEFDC00857FB2 /* WatchlistControls.swift in Sources */ = {isa = PBXBuildFile; fileRef = AC5960BE2B9BEFDC00857FB2 /* WatchlistControls.swift */; };
		AC5960C12B9BF27D00857FB2 /* ShowGenres.swift in Sources */ = {isa = PBXBuildFile; fileRef = AC5960C02B9BF27D00857FB2 /* ShowGenres.swift */; };
		AC5DDAE12B9A52FE003F466B /* MovieNetworkApp.swift in Sources */ = {isa = PBXBuildFile; fileRef = AC5DDAE02B9A52FE003F466B /* MovieNetworkApp.swift */; };
		AC5DDAF82B9A5338003F466B /* Alerts.swift in Sources */ = {isa = PBXBuildFile; fileRef = AC5DDAEE2B9A5338003F466B /* Alerts.swift */; };
		AC5DDAF92B9A5338003F466B /* Buttons.swift in Sources */ = {isa = PBXBuildFile; fileRef = AC5DDAEF2B9A5338003F466B /* Buttons.swift */; };
		AC5DDAFA2B9A5338003F466B /* Images.swift in Sources */ = {isa = PBXBuildFile; fileRef = AC5DDAF02B9A5338003F466B /* Images.swift */; };
		AC5DDAFB2B9A5338003F466B /* Labels.swift in Sources */ = {isa = PBXBuildFile; fileRef = AC5DDAF12B9A5338003F466B /* Labels.swift */; };
		AC5DDAFC2B9A5338003F466B /* Posters.swift in Sources */ = {isa = PBXBuildFile; fileRef = AC5DDAF22B9A5338003F466B /* Posters.swift */; };
		AC5DDAFD2B9A5338003F466B /* Section.swift in Sources */ = {isa = PBXBuildFile; fileRef = AC5DDAF32B9A5338003F466B /* Section.swift */; };
		AC5DDAFE2B9A5338003F466B /* Shadows.swift in Sources */ = {isa = PBXBuildFile; fileRef = AC5DDAF42B9A5338003F466B /* Shadows.swift */; };
		AC5DDAFF2B9A5338003F466B /* Texts.swift in Sources */ = {isa = PBXBuildFile; fileRef = AC5DDAF52B9A5338003F466B /* Texts.swift */; };
		AC5DDB002B9A5338003F466B /* Thumbnails.swift in Sources */ = {isa = PBXBuildFile; fileRef = AC5DDAF62B9A5338003F466B /* Thumbnails.swift */; };
		AC5DDB052B9A534F003F466B /* AspectRatio.swift in Sources */ = {isa = PBXBuildFile; fileRef = AC5DDB012B9A534F003F466B /* AspectRatio.swift */; };
		AC5DDB062B9A534F003F466B /* ShowType.swift in Sources */ = {isa = PBXBuildFile; fileRef = AC5DDB032B9A534F003F466B /* ShowType.swift */; };
		AC5DDB3B2B9A53CD003F466B /* Arrays.swift in Sources */ = {isa = PBXBuildFile; fileRef = AC5DDB372B9A53CD003F466B /* Arrays.swift */; };
		AC5DDB3C2B9A53CD003F466B /* Sequences.swift in Sources */ = {isa = PBXBuildFile; fileRef = AC5DDB382B9A53CD003F466B /* Sequences.swift */; };
		AC5DDB3D2B9A53CD003F466B /* UIKit.swift in Sources */ = {isa = PBXBuildFile; fileRef = AC5DDB392B9A53CD003F466B /* UIKit.swift */; };
		AC5DDB412B9A5556003F466B /* RootView.swift in Sources */ = {isa = PBXBuildFile; fileRef = AC5DDB402B9A5556003F466B /* RootView.swift */; };
		AC5DDB432B9A556A003F466B /* DiscoverFiltersControls.swift in Sources */ = {isa = PBXBuildFile; fileRef = AC5DDB422B9A556A003F466B /* DiscoverFiltersControls.swift */; };
		AC5DDB462B9A557E003F466B /* DiscoverViewModel.swift in Sources */ = {isa = PBXBuildFile; fileRef = AC5DDB442B9A557E003F466B /* DiscoverViewModel.swift */; };
		AC5DDB492B9A55A6003F466B /* FeedView.swift in Sources */ = {isa = PBXBuildFile; fileRef = AC5DDB482B9A55A6003F466B /* FeedView.swift */; };
		AC5DDB4B2B9A55E6003F466B /* WatchlisthView.swift in Sources */ = {isa = PBXBuildFile; fileRef = AC5DDB4A2B9A55E6003F466B /* WatchlisthView.swift */; };
		AC5DDB4E2B9A5615003F466B /* ProfileView.swift in Sources */ = {isa = PBXBuildFile; fileRef = AC5DDB4C2B9A5615003F466B /* ProfileView.swift */; };
		AC5DDB4F2B9A5615003F466B /* ProfileTrigger.swift in Sources */ = {isa = PBXBuildFile; fileRef = AC5DDB4D2B9A5615003F466B /* ProfileTrigger.swift */; };
		AC5DDB522B9A562B003F466B /* ShowViewModel.swift in Sources */ = {isa = PBXBuildFile; fileRef = AC5DDB502B9A562B003F466B /* ShowViewModel.swift */; };
		AC5DDB532B9A562B003F466B /* ShowView.swift in Sources */ = {isa = PBXBuildFile; fileRef = AC5DDB512B9A562B003F466B /* ShowView.swift */; };
		AC5DDB562B9A563E003F466B /* PersonViewModel.swift in Sources */ = {isa = PBXBuildFile; fileRef = AC5DDB542B9A563E003F466B /* PersonViewModel.swift */; };
		AC5DDB572B9A563E003F466B /* PersonView.swift in Sources */ = {isa = PBXBuildFile; fileRef = AC5DDB552B9A563E003F466B /* PersonView.swift */; };
		AC5DDB592B9A564F003F466B /* AuthRequiredView.swift in Sources */ = {isa = PBXBuildFile; fileRef = AC5DDB582B9A564F003F466B /* AuthRequiredView.swift */; };
		AC5DDB5C2B9A565D003F466B /* AppleSignInButton.swift in Sources */ = {isa = PBXBuildFile; fileRef = AC5DDB5A2B9A565D003F466B /* AppleSignInButton.swift */; };
		AC5DDB5D2B9A565D003F466B /* AppleSignInViewModel.swift in Sources */ = {isa = PBXBuildFile; fileRef = AC5DDB5B2B9A565D003F466B /* AppleSignInViewModel.swift */; };
		AC5DDB5F2B9A5676003F466B /* OnBoardingView.swift in Sources */ = {isa = PBXBuildFile; fileRef = AC5DDB5E2B9A5676003F466B /* OnBoardingView.swift */; };
		AC5DDB612B9A5773003F466B /* Tab.swift in Sources */ = {isa = PBXBuildFile; fileRef = AC5DDB602B9A5773003F466B /* Tab.swift */; };
		AC5DDB632B9A5785003F466B /* Backdropable.swift in Sources */ = {isa = PBXBuildFile; fileRef = AC5DDB622B9A5785003F466B /* Backdropable.swift */; };
		AC5DDB662B9A5791003F466B /* CastMember.swift in Sources */ = {isa = PBXBuildFile; fileRef = AC5DDB642B9A5790003F466B /* CastMember.swift */; };
		AC5DDB672B9A5791003F466B /* CrewMember.swift in Sources */ = {isa = PBXBuildFile; fileRef = AC5DDB652B9A5790003F466B /* CrewMember.swift */; };
		AC5DDB692B9A579D003F466B /* Stack.swift in Sources */ = {isa = PBXBuildFile; fileRef = AC5DDB682B9A579D003F466B /* Stack.swift */; };
		AC5DDB6F2B9A57DF003F466B /* Genres.swift in Sources */ = {isa = PBXBuildFile; fileRef = AC5DDB6E2B9A57DF003F466B /* Genres.swift */; };
		AC5DDB722B9A57F5003F466B /* Gender.swift in Sources */ = {isa = PBXBuildFile; fileRef = AC5DDB702B9A57F5003F466B /* Gender.swift */; };
		AC5DDB732B9A57F5003F466B /* Genre.swift in Sources */ = {isa = PBXBuildFile; fileRef = AC5DDB712B9A57F5003F466B /* Genre.swift */; };
		AC5DDB752B9A5832003F466B /* ImageURL.swift in Sources */ = {isa = PBXBuildFile; fileRef = AC5DDB742B9A5832003F466B /* ImageURL.swift */; };
		AC5DDB772B9A5840003F466B /* Media.swift in Sources */ = {isa = PBXBuildFile; fileRef = AC5DDB762B9A5840003F466B /* Media.swift */; };
		AC5DDB792B9A584A003F466B /* Movie.swift in Sources */ = {isa = PBXBuildFile; fileRef = AC5DDB782B9A584A003F466B /* Movie.swift */; };
		AC5DDB7B2B9A585A003F466B /* NavigationManager.swift in Sources */ = {isa = PBXBuildFile; fileRef = AC5DDB7A2B9A585A003F466B /* NavigationManager.swift */; };
		AC5DDB7D2B9A5867003F466B /* Network.swift in Sources */ = {isa = PBXBuildFile; fileRef = AC5DDB7C2B9A5867003F466B /* Network.swift */; };
		AC5DDB7F2B9A5870003F466B /* PageableList.swift in Sources */ = {isa = PBXBuildFile; fileRef = AC5DDB7E2B9A5870003F466B /* PageableList.swift */; };
		AC5DDB812B9A587D003F466B /* Person.swift in Sources */ = {isa = PBXBuildFile; fileRef = AC5DDB802B9A587D003F466B /* Person.swift */; };
		AC5DDB832B9A5889003F466B /* Posterable.swift in Sources */ = {isa = PBXBuildFile; fileRef = AC5DDB822B9A5889003F466B /* Posterable.swift */; };
		AC5DDB862B9A58A2003F466B /* ProductionCompany.swift in Sources */ = {isa = PBXBuildFile; fileRef = AC5DDB842B9A58A2003F466B /* ProductionCompany.swift */; };
		AC5DDB872B9A58A2003F466B /* ProductionCountry.swift in Sources */ = {isa = PBXBuildFile; fileRef = AC5DDB852B9A58A2003F466B /* ProductionCountry.swift */; };
		AC5DDB892B9A58AF003F466B /* Profilable.swift in Sources */ = {isa = PBXBuildFile; fileRef = AC5DDB882B9A58AF003F466B /* Profilable.swift */; };
		AC5DDB8D2B9A58F2003F466B /* SessionManager.swift in Sources */ = {isa = PBXBuildFile; fileRef = AC5DDB8C2B9A58F2003F466B /* SessionManager.swift */; };
		AC5DDB8F2B9A5905003F466B /* Show.swift in Sources */ = {isa = PBXBuildFile; fileRef = AC5DDB8E2B9A5905003F466B /* Show.swift */; };
		AC5DDB922B9A591C003F466B /* SpokenLanguage.swift in Sources */ = {isa = PBXBuildFile; fileRef = AC5DDB902B9A591C003F466B /* SpokenLanguage.swift */; };
		AC5DDB932B9A591C003F466B /* Status.swift in Sources */ = {isa = PBXBuildFile; fileRef = AC5DDB912B9A591C003F466B /* Status.swift */; };
		AC5DDB952B9A5923003F466B /* SupabaseManager.swift in Sources */ = {isa = PBXBuildFile; fileRef = AC5DDB942B9A5923003F466B /* SupabaseManager.swift */; };
		AC5DDB972B9A592D003F466B /* TMDbManager.swift in Sources */ = {isa = PBXBuildFile; fileRef = AC5DDB962B9A592D003F466B /* TMDbManager.swift */; };
		AC5DDB9B2B9A5937003F466B /* TVSeason.swift in Sources */ = {isa = PBXBuildFile; fileRef = AC5DDB982B9A5937003F466B /* TVSeason.swift */; };
		AC5DDB9C2B9A5937003F466B /* TVSeries.swift in Sources */ = {isa = PBXBuildFile; fileRef = AC5DDB992B9A5937003F466B /* TVSeries.swift */; };
		AC5DDB9D2B9A5937003F466B /* TVEpisode.swift in Sources */ = {isa = PBXBuildFile; fileRef = AC5DDB9A2B9A5937003F466B /* TVEpisode.swift */; };
		AC5DDB9F2B9A5948003F466B /* URLRequests.swift in Sources */ = {isa = PBXBuildFile; fileRef = AC5DDB9E2B9A5948003F466B /* URLRequests.swift */; };
		AC5DDBA12B9A5956003F466B /* UserDefaults.swift in Sources */ = {isa = PBXBuildFile; fileRef = AC5DDBA02B9A5956003F466B /* UserDefaults.swift */; };
		AC5DDBA52B9A59AC003F466B /* TrendingService.swift in Sources */ = {isa = PBXBuildFile; fileRef = AC5DDBA42B9A59AB003F466B /* TrendingService.swift */; };
		AC5DDBA72B9A59E8003F466B /* AppView.swift in Sources */ = {isa = PBXBuildFile; fileRef = AC5DDBA62B9A59E8003F466B /* AppView.swift */; };
		AC69740F2B9C93A600F9D7DD /* Tag.swift in Sources */ = {isa = PBXBuildFile; fileRef = AC69740E2B9C93A600F9D7DD /* Tag.swift */; };
		AC6974122B9C9E1000F9D7DD /* ShowToolbar.swift in Sources */ = {isa = PBXBuildFile; fileRef = AC6974112B9C9E1000F9D7DD /* ShowToolbar.swift */; };
		AC6974142B9CBD9800F9D7DD /* Config.swift in Sources */ = {isa = PBXBuildFile; fileRef = AC6974132B9CBD9800F9D7DD /* Config.swift */; };
		AC6974172B9CED8900F9D7DD /* ProfileToolbar.swift in Sources */ = {isa = PBXBuildFile; fileRef = AC6974162B9CED8900F9D7DD /* ProfileToolbar.swift */; };
		AC6974192B9D0D7A00F9D7DD /* PersonCredits.swift in Sources */ = {isa = PBXBuildFile; fileRef = AC6974182B9D0D7A00F9D7DD /* PersonCredits.swift */; };
		AC69741B2B9D190000F9D7DD /* Job.swift in Sources */ = {isa = PBXBuildFile; fileRef = AC69741A2B9D190000F9D7DD /* Job.swift */; };
		AC69741D2B9D19A500F9D7DD /* Role.swift in Sources */ = {isa = PBXBuildFile; fileRef = AC69741C2B9D19A500F9D7DD /* Role.swift */; };
		AC6974202B9D1E2E00F9D7DD /* PersonToolbar.swift in Sources */ = {isa = PBXBuildFile; fileRef = AC69741F2B9D1E2E00F9D7DD /* PersonToolbar.swift */; };
		AC7D4EF12BA1B5D500029841 /* SearchView.swift in Sources */ = {isa = PBXBuildFile; fileRef = AC7D4EF02BA1B5D500029841 /* SearchView.swift */; };
		AC7D4EF62BA1FB0700029841 /* SearchViewModel.swift in Sources */ = {isa = PBXBuildFile; fileRef = AC7D4EF52BA1FB0700029841 /* SearchViewModel.swift */; };
		AC7D4EFC2BA22F9500029841 /* MediaRow.swift in Sources */ = {isa = PBXBuildFile; fileRef = AC7D4EFB2BA22F9500029841 /* MediaRow.swift */; };
		AC9ED4812B8CC0AD001183F3 /* Auth in Frameworks */ = {isa = PBXBuildFile; productRef = AC9ED4802B8CC0AD001183F3 /* Auth */; };
		AC9ED4832B8CC0AD001183F3 /* Functions in Frameworks */ = {isa = PBXBuildFile; productRef = AC9ED4822B8CC0AD001183F3 /* Functions */; };
		AC9ED4852B8CC0AD001183F3 /* PostgREST in Frameworks */ = {isa = PBXBuildFile; productRef = AC9ED4842B8CC0AD001183F3 /* PostgREST */; };
		AC9ED4872B8CC0AD001183F3 /* Realtime in Frameworks */ = {isa = PBXBuildFile; productRef = AC9ED4862B8CC0AD001183F3 /* Realtime */; };
		AC9ED4892B8CC0AD001183F3 /* Storage in Frameworks */ = {isa = PBXBuildFile; productRef = AC9ED4882B8CC0AD001183F3 /* Storage */; };
		AC9ED48E2B8CC3F3001183F3 /* Auth in Frameworks */ = {isa = PBXBuildFile; productRef = AC9ED48D2B8CC3F3001183F3 /* Auth */; };
		AC9ED4902B8CC3F3001183F3 /* Functions in Frameworks */ = {isa = PBXBuildFile; productRef = AC9ED48F2B8CC3F3001183F3 /* Functions */; };
		AC9ED4922B8CC3F3001183F3 /* PostgREST in Frameworks */ = {isa = PBXBuildFile; productRef = AC9ED4912B8CC3F3001183F3 /* PostgREST */; };
		AC9ED4942B8CC3F3001183F3 /* Realtime in Frameworks */ = {isa = PBXBuildFile; productRef = AC9ED4932B8CC3F3001183F3 /* Realtime */; };
		AC9ED4962B8CC3F3001183F3 /* Storage in Frameworks */ = {isa = PBXBuildFile; productRef = AC9ED4952B8CC3F3001183F3 /* Storage */; };
		AC9ED4992B8CC5AB001183F3 /* Supabase in Frameworks */ = {isa = PBXBuildFile; productRef = AC9ED4982B8CC5AB001183F3 /* Supabase */; };
		ACD8AD462B9FA00200470DA1 /* DiscoverService.swift in Sources */ = {isa = PBXBuildFile; fileRef = ACD8AD452B9FA00200470DA1 /* DiscoverService.swift */; };
		ACD8AD482B9FA0D800470DA1 /* MovieService.swift in Sources */ = {isa = PBXBuildFile; fileRef = ACD8AD472B9FA0D800470DA1 /* MovieService.swift */; };
		ACD8AD4A2B9FA10200470DA1 /* TVSeriesService.swift in Sources */ = {isa = PBXBuildFile; fileRef = ACD8AD492B9FA10200470DA1 /* TVSeriesService.swift */; };
		ACD8AD4C2B9FA36A00470DA1 /* PersonService.swift in Sources */ = {isa = PBXBuildFile; fileRef = ACD8AD4B2B9FA36A00470DA1 /* PersonService.swift */; };
		ACD8AD4E2BA109C200470DA1 /* DiscoverView.swift in Sources */ = {isa = PBXBuildFile; fileRef = ACD8AD4D2BA109C200470DA1 /* DiscoverView.swift */; };
		ACFC6BB62B9DDBC800F7010C /* FilmographySection.swift in Sources */ = {isa = PBXBuildFile; fileRef = ACFC6BB52B9DDBC800F7010C /* FilmographySection.swift */; };
		ACFC6BB82B9DF89300F7010C /* Assets.xcassets in Resources */ = {isa = PBXBuildFile; fileRef = ACFC6BB72B9DF89300F7010C /* Assets.xcassets */; };
/* End PBXBuildFile section */

/* Begin PBXFileReference section */
		AC2798B02BA5DA8600B599D3 /* WatchlistsRow.swift */ = {isa = PBXFileReference; lastKnownFileType = sourcecode.swift; path = WatchlistsRow.swift; sourceTree = "<group>"; };
		AC2798B22BA5DC7C00B599D3 /* ShowsRow.swift */ = {isa = PBXFileReference; lastKnownFileType = sourcecode.swift; path = ShowsRow.swift; sourceTree = "<group>"; };
		AC431CF52B8CD8F5003AC32E /* Info.plist */ = {isa = PBXFileReference; lastKnownFileType = text.plist.xml; path = Info.plist; sourceTree = "<group>"; };
		AC59609E2B9B64B000857FB2 /* VideoSize.swift */ = {isa = PBXFileReference; lastKnownFileType = sourcecode.swift; path = VideoSize.swift; sourceTree = "<group>"; };
		AC5960A02B9B64E300857FB2 /* VideoType.swift */ = {isa = PBXFileReference; lastKnownFileType = sourcecode.swift; path = VideoType.swift; sourceTree = "<group>"; };
		AC5960A22B9B651600857FB2 /* VideoMetadata.swift */ = {isa = PBXFileReference; lastKnownFileType = sourcecode.swift; path = VideoMetadata.swift; sourceTree = "<group>"; };
		AC5960A42B9B654200857FB2 /* VideoCollection.swift */ = {isa = PBXFileReference; lastKnownFileType = sourcecode.swift; path = VideoCollection.swift; sourceTree = "<group>"; };
		AC5960A62B9B674500857FB2 /* ShowCredits.swift */ = {isa = PBXFileReference; lastKnownFileType = sourcecode.swift; path = ShowCredits.swift; sourceTree = "<group>"; };
		AC5960A82B9B75EC00857FB2 /* Backdrops.swift */ = {isa = PBXFileReference; lastKnownFileType = sourcecode.swift; path = Backdrops.swift; sourceTree = "<group>"; };
		AC5960AD2B9B8B6700857FB2 /* Videos.swift */ = {isa = PBXFileReference; lastKnownFileType = sourcecode.swift; path = Videos.swift; sourceTree = "<group>"; };
		AC5960B02B9B8C6500857FB2 /* ShowTrailer.swift */ = {isa = PBXFileReference; lastKnownFileType = sourcecode.swift; path = ShowTrailer.swift; sourceTree = "<group>"; };
		AC5960B22B9BD07100857FB2 /* TMDbSampleData.swift */ = {isa = PBXFileReference; lastKnownFileType = sourcecode.swift; path = TMDbSampleData.swift; sourceTree = "<group>"; };
		AC5960B42B9BD94900857FB2 /* ShowHeader.swift */ = {isa = PBXFileReference; lastKnownFileType = sourcecode.swift; path = ShowHeader.swift; sourceTree = "<group>"; };
		AC5960B62B9BDAC400857FB2 /* Dates.swift */ = {isa = PBXFileReference; lastKnownFileType = sourcecode.swift; path = Dates.swift; sourceTree = "<group>"; };
		AC5960B82B9BDAFD00857FB2 /* Numbers.swift */ = {isa = PBXFileReference; lastKnownFileType = sourcecode.swift; path = Numbers.swift; sourceTree = "<group>"; };
		AC5960BA2B9BDD8100857FB2 /* Strings.swift */ = {isa = PBXFileReference; lastKnownFileType = sourcecode.swift; path = Strings.swift; sourceTree = "<group>"; };
		AC5960BC2B9BE76F00857FB2 /* TextBlock.swift */ = {isa = PBXFileReference; lastKnownFileType = sourcecode.swift; path = TextBlock.swift; sourceTree = "<group>"; };
		AC5960BE2B9BEFDC00857FB2 /* WatchlistControls.swift */ = {isa = PBXFileReference; lastKnownFileType = sourcecode.swift; path = WatchlistControls.swift; sourceTree = "<group>"; };
		AC5960C02B9BF27D00857FB2 /* ShowGenres.swift */ = {isa = PBXFileReference; lastKnownFileType = sourcecode.swift; path = ShowGenres.swift; sourceTree = "<group>"; };
		AC5DDAE02B9A52FE003F466B /* MovieNetworkApp.swift */ = {isa = PBXFileReference; fileEncoding = 4; lastKnownFileType = sourcecode.swift; path = MovieNetworkApp.swift; sourceTree = "<group>"; };
		AC5DDAEE2B9A5338003F466B /* Alerts.swift */ = {isa = PBXFileReference; fileEncoding = 4; lastKnownFileType = sourcecode.swift; path = Alerts.swift; sourceTree = "<group>"; };
		AC5DDAEF2B9A5338003F466B /* Buttons.swift */ = {isa = PBXFileReference; fileEncoding = 4; lastKnownFileType = sourcecode.swift; path = Buttons.swift; sourceTree = "<group>"; };
		AC5DDAF02B9A5338003F466B /* Images.swift */ = {isa = PBXFileReference; fileEncoding = 4; lastKnownFileType = sourcecode.swift; path = Images.swift; sourceTree = "<group>"; };
		AC5DDAF12B9A5338003F466B /* Labels.swift */ = {isa = PBXFileReference; fileEncoding = 4; lastKnownFileType = sourcecode.swift; path = Labels.swift; sourceTree = "<group>"; };
		AC5DDAF22B9A5338003F466B /* Posters.swift */ = {isa = PBXFileReference; fileEncoding = 4; lastKnownFileType = sourcecode.swift; path = Posters.swift; sourceTree = "<group>"; };
		AC5DDAF32B9A5338003F466B /* Section.swift */ = {isa = PBXFileReference; fileEncoding = 4; lastKnownFileType = sourcecode.swift; path = Section.swift; sourceTree = "<group>"; };
		AC5DDAF42B9A5338003F466B /* Shadows.swift */ = {isa = PBXFileReference; fileEncoding = 4; lastKnownFileType = sourcecode.swift; path = Shadows.swift; sourceTree = "<group>"; };
		AC5DDAF52B9A5338003F466B /* Texts.swift */ = {isa = PBXFileReference; fileEncoding = 4; lastKnownFileType = sourcecode.swift; path = Texts.swift; sourceTree = "<group>"; };
		AC5DDAF62B9A5338003F466B /* Thumbnails.swift */ = {isa = PBXFileReference; fileEncoding = 4; lastKnownFileType = sourcecode.swift; path = Thumbnails.swift; sourceTree = "<group>"; };
		AC5DDB012B9A534F003F466B /* AspectRatio.swift */ = {isa = PBXFileReference; fileEncoding = 4; lastKnownFileType = sourcecode.swift; path = AspectRatio.swift; sourceTree = "<group>"; };
		AC5DDB032B9A534F003F466B /* ShowType.swift */ = {isa = PBXFileReference; fileEncoding = 4; lastKnownFileType = sourcecode.swift; path = ShowType.swift; sourceTree = "<group>"; };
		AC5DDB372B9A53CD003F466B /* Arrays.swift */ = {isa = PBXFileReference; fileEncoding = 4; lastKnownFileType = sourcecode.swift; path = Arrays.swift; sourceTree = "<group>"; };
		AC5DDB382B9A53CD003F466B /* Sequences.swift */ = {isa = PBXFileReference; fileEncoding = 4; lastKnownFileType = sourcecode.swift; path = Sequences.swift; sourceTree = "<group>"; };
		AC5DDB392B9A53CD003F466B /* UIKit.swift */ = {isa = PBXFileReference; fileEncoding = 4; lastKnownFileType = sourcecode.swift; path = UIKit.swift; sourceTree = "<group>"; };
		AC5DDB402B9A5556003F466B /* RootView.swift */ = {isa = PBXFileReference; fileEncoding = 4; lastKnownFileType = sourcecode.swift; path = RootView.swift; sourceTree = "<group>"; };
		AC5DDB422B9A556A003F466B /* DiscoverFiltersControls.swift */ = {isa = PBXFileReference; fileEncoding = 4; lastKnownFileType = sourcecode.swift; path = DiscoverFiltersControls.swift; sourceTree = "<group>"; };
		AC5DDB442B9A557E003F466B /* DiscoverViewModel.swift */ = {isa = PBXFileReference; fileEncoding = 4; lastKnownFileType = sourcecode.swift; path = DiscoverViewModel.swift; sourceTree = "<group>"; };
		AC5DDB482B9A55A6003F466B /* FeedView.swift */ = {isa = PBXFileReference; fileEncoding = 4; lastKnownFileType = sourcecode.swift; path = FeedView.swift; sourceTree = "<group>"; };
		AC5DDB4A2B9A55E6003F466B /* WatchlisthView.swift */ = {isa = PBXFileReference; fileEncoding = 4; lastKnownFileType = sourcecode.swift; path = WatchlisthView.swift; sourceTree = "<group>"; };
		AC5DDB4C2B9A5615003F466B /* ProfileView.swift */ = {isa = PBXFileReference; fileEncoding = 4; lastKnownFileType = sourcecode.swift; path = ProfileView.swift; sourceTree = "<group>"; };
		AC5DDB4D2B9A5615003F466B /* ProfileTrigger.swift */ = {isa = PBXFileReference; fileEncoding = 4; lastKnownFileType = sourcecode.swift; path = ProfileTrigger.swift; sourceTree = "<group>"; };
		AC5DDB502B9A562B003F466B /* ShowViewModel.swift */ = {isa = PBXFileReference; fileEncoding = 4; lastKnownFileType = sourcecode.swift; path = ShowViewModel.swift; sourceTree = "<group>"; };
		AC5DDB512B9A562B003F466B /* ShowView.swift */ = {isa = PBXFileReference; fileEncoding = 4; lastKnownFileType = sourcecode.swift; path = ShowView.swift; sourceTree = "<group>"; };
		AC5DDB542B9A563E003F466B /* PersonViewModel.swift */ = {isa = PBXFileReference; fileEncoding = 4; lastKnownFileType = sourcecode.swift; path = PersonViewModel.swift; sourceTree = "<group>"; };
		AC5DDB552B9A563E003F466B /* PersonView.swift */ = {isa = PBXFileReference; fileEncoding = 4; lastKnownFileType = sourcecode.swift; path = PersonView.swift; sourceTree = "<group>"; };
		AC5DDB582B9A564F003F466B /* AuthRequiredView.swift */ = {isa = PBXFileReference; fileEncoding = 4; lastKnownFileType = sourcecode.swift; path = AuthRequiredView.swift; sourceTree = "<group>"; };
		AC5DDB5A2B9A565D003F466B /* AppleSignInButton.swift */ = {isa = PBXFileReference; fileEncoding = 4; lastKnownFileType = sourcecode.swift; path = AppleSignInButton.swift; sourceTree = "<group>"; };
		AC5DDB5B2B9A565D003F466B /* AppleSignInViewModel.swift */ = {isa = PBXFileReference; fileEncoding = 4; lastKnownFileType = sourcecode.swift; path = AppleSignInViewModel.swift; sourceTree = "<group>"; };
		AC5DDB5E2B9A5676003F466B /* OnBoardingView.swift */ = {isa = PBXFileReference; fileEncoding = 4; lastKnownFileType = sourcecode.swift; path = OnBoardingView.swift; sourceTree = "<group>"; };
		AC5DDB602B9A5773003F466B /* Tab.swift */ = {isa = PBXFileReference; fileEncoding = 4; lastKnownFileType = sourcecode.swift; path = Tab.swift; sourceTree = "<group>"; };
		AC5DDB622B9A5785003F466B /* Backdropable.swift */ = {isa = PBXFileReference; fileEncoding = 4; lastKnownFileType = sourcecode.swift; path = Backdropable.swift; sourceTree = "<group>"; };
		AC5DDB642B9A5790003F466B /* CastMember.swift */ = {isa = PBXFileReference; fileEncoding = 4; lastKnownFileType = sourcecode.swift; path = CastMember.swift; sourceTree = "<group>"; };
		AC5DDB652B9A5790003F466B /* CrewMember.swift */ = {isa = PBXFileReference; fileEncoding = 4; lastKnownFileType = sourcecode.swift; path = CrewMember.swift; sourceTree = "<group>"; };
		AC5DDB682B9A579D003F466B /* Stack.swift */ = {isa = PBXFileReference; fileEncoding = 4; lastKnownFileType = sourcecode.swift; path = Stack.swift; sourceTree = "<group>"; };
		AC5DDB6E2B9A57DF003F466B /* Genres.swift */ = {isa = PBXFileReference; fileEncoding = 4; lastKnownFileType = sourcecode.swift; path = Genres.swift; sourceTree = "<group>"; };
		AC5DDB702B9A57F5003F466B /* Gender.swift */ = {isa = PBXFileReference; fileEncoding = 4; lastKnownFileType = sourcecode.swift; path = Gender.swift; sourceTree = "<group>"; };
		AC5DDB712B9A57F5003F466B /* Genre.swift */ = {isa = PBXFileReference; fileEncoding = 4; lastKnownFileType = sourcecode.swift; path = Genre.swift; sourceTree = "<group>"; };
		AC5DDB742B9A5832003F466B /* ImageURL.swift */ = {isa = PBXFileReference; fileEncoding = 4; lastKnownFileType = sourcecode.swift; path = ImageURL.swift; sourceTree = "<group>"; };
		AC5DDB762B9A5840003F466B /* Media.swift */ = {isa = PBXFileReference; fileEncoding = 4; lastKnownFileType = sourcecode.swift; path = Media.swift; sourceTree = "<group>"; };
		AC5DDB782B9A584A003F466B /* Movie.swift */ = {isa = PBXFileReference; fileEncoding = 4; lastKnownFileType = sourcecode.swift; path = Movie.swift; sourceTree = "<group>"; };
		AC5DDB7A2B9A585A003F466B /* NavigationManager.swift */ = {isa = PBXFileReference; fileEncoding = 4; lastKnownFileType = sourcecode.swift; path = NavigationManager.swift; sourceTree = "<group>"; };
		AC5DDB7C2B9A5867003F466B /* Network.swift */ = {isa = PBXFileReference; fileEncoding = 4; lastKnownFileType = sourcecode.swift; path = Network.swift; sourceTree = "<group>"; };
		AC5DDB7E2B9A5870003F466B /* PageableList.swift */ = {isa = PBXFileReference; fileEncoding = 4; lastKnownFileType = sourcecode.swift; path = PageableList.swift; sourceTree = "<group>"; };
		AC5DDB802B9A587D003F466B /* Person.swift */ = {isa = PBXFileReference; fileEncoding = 4; lastKnownFileType = sourcecode.swift; path = Person.swift; sourceTree = "<group>"; };
		AC5DDB822B9A5889003F466B /* Posterable.swift */ = {isa = PBXFileReference; fileEncoding = 4; lastKnownFileType = sourcecode.swift; path = Posterable.swift; sourceTree = "<group>"; };
		AC5DDB842B9A58A2003F466B /* ProductionCompany.swift */ = {isa = PBXFileReference; fileEncoding = 4; lastKnownFileType = sourcecode.swift; path = ProductionCompany.swift; sourceTree = "<group>"; };
		AC5DDB852B9A58A2003F466B /* ProductionCountry.swift */ = {isa = PBXFileReference; fileEncoding = 4; lastKnownFileType = sourcecode.swift; path = ProductionCountry.swift; sourceTree = "<group>"; };
		AC5DDB882B9A58AF003F466B /* Profilable.swift */ = {isa = PBXFileReference; fileEncoding = 4; lastKnownFileType = sourcecode.swift; path = Profilable.swift; sourceTree = "<group>"; };
		AC5DDB8C2B9A58F2003F466B /* SessionManager.swift */ = {isa = PBXFileReference; fileEncoding = 4; lastKnownFileType = sourcecode.swift; path = SessionManager.swift; sourceTree = "<group>"; };
		AC5DDB8E2B9A5905003F466B /* Show.swift */ = {isa = PBXFileReference; fileEncoding = 4; lastKnownFileType = sourcecode.swift; path = Show.swift; sourceTree = "<group>"; };
		AC5DDB902B9A591C003F466B /* SpokenLanguage.swift */ = {isa = PBXFileReference; fileEncoding = 4; lastKnownFileType = sourcecode.swift; path = SpokenLanguage.swift; sourceTree = "<group>"; };
		AC5DDB912B9A591C003F466B /* Status.swift */ = {isa = PBXFileReference; fileEncoding = 4; lastKnownFileType = sourcecode.swift; path = Status.swift; sourceTree = "<group>"; };
		AC5DDB942B9A5923003F466B /* SupabaseManager.swift */ = {isa = PBXFileReference; fileEncoding = 4; lastKnownFileType = sourcecode.swift; path = SupabaseManager.swift; sourceTree = "<group>"; };
		AC5DDB962B9A592D003F466B /* TMDbManager.swift */ = {isa = PBXFileReference; fileEncoding = 4; lastKnownFileType = sourcecode.swift; path = TMDbManager.swift; sourceTree = "<group>"; };
		AC5DDB982B9A5937003F466B /* TVSeason.swift */ = {isa = PBXFileReference; fileEncoding = 4; lastKnownFileType = sourcecode.swift; path = TVSeason.swift; sourceTree = "<group>"; };
		AC5DDB992B9A5937003F466B /* TVSeries.swift */ = {isa = PBXFileReference; fileEncoding = 4; lastKnownFileType = sourcecode.swift; path = TVSeries.swift; sourceTree = "<group>"; };
		AC5DDB9A2B9A5937003F466B /* TVEpisode.swift */ = {isa = PBXFileReference; fileEncoding = 4; lastKnownFileType = sourcecode.swift; path = TVEpisode.swift; sourceTree = "<group>"; };
		AC5DDB9E2B9A5948003F466B /* URLRequests.swift */ = {isa = PBXFileReference; fileEncoding = 4; lastKnownFileType = sourcecode.swift; path = URLRequests.swift; sourceTree = "<group>"; };
		AC5DDBA02B9A5956003F466B /* UserDefaults.swift */ = {isa = PBXFileReference; fileEncoding = 4; lastKnownFileType = sourcecode.swift; path = UserDefaults.swift; sourceTree = "<group>"; };
		AC5DDBA42B9A59AB003F466B /* TrendingService.swift */ = {isa = PBXFileReference; fileEncoding = 4; lastKnownFileType = sourcecode.swift; path = TrendingService.swift; sourceTree = "<group>"; };
		AC5DDBA62B9A59E8003F466B /* AppView.swift */ = {isa = PBXFileReference; fileEncoding = 4; lastKnownFileType = sourcecode.swift; path = AppView.swift; sourceTree = "<group>"; };
		AC69740E2B9C93A600F9D7DD /* Tag.swift */ = {isa = PBXFileReference; lastKnownFileType = sourcecode.swift; path = Tag.swift; sourceTree = "<group>"; };
		AC6974112B9C9E1000F9D7DD /* ShowToolbar.swift */ = {isa = PBXFileReference; lastKnownFileType = sourcecode.swift; path = ShowToolbar.swift; sourceTree = "<group>"; };
		AC6974132B9CBD9800F9D7DD /* Config.swift */ = {isa = PBXFileReference; lastKnownFileType = sourcecode.swift; path = Config.swift; sourceTree = "<group>"; };
		AC6974162B9CED8900F9D7DD /* ProfileToolbar.swift */ = {isa = PBXFileReference; lastKnownFileType = sourcecode.swift; path = ProfileToolbar.swift; sourceTree = "<group>"; };
		AC6974182B9D0D7A00F9D7DD /* PersonCredits.swift */ = {isa = PBXFileReference; lastKnownFileType = sourcecode.swift; path = PersonCredits.swift; sourceTree = "<group>"; };
		AC69741A2B9D190000F9D7DD /* Job.swift */ = {isa = PBXFileReference; lastKnownFileType = sourcecode.swift; path = Job.swift; sourceTree = "<group>"; };
		AC69741C2B9D19A500F9D7DD /* Role.swift */ = {isa = PBXFileReference; lastKnownFileType = sourcecode.swift; path = Role.swift; sourceTree = "<group>"; };
		AC69741F2B9D1E2E00F9D7DD /* PersonToolbar.swift */ = {isa = PBXFileReference; lastKnownFileType = sourcecode.swift; path = PersonToolbar.swift; sourceTree = "<group>"; };
		AC7D4EF02BA1B5D500029841 /* SearchView.swift */ = {isa = PBXFileReference; lastKnownFileType = sourcecode.swift; path = SearchView.swift; sourceTree = "<group>"; };
		AC7D4EF52BA1FB0700029841 /* SearchViewModel.swift */ = {isa = PBXFileReference; lastKnownFileType = sourcecode.swift; path = SearchViewModel.swift; sourceTree = "<group>"; };
		AC7D4EFB2BA22F9500029841 /* MediaRow.swift */ = {isa = PBXFileReference; lastKnownFileType = sourcecode.swift; path = MediaRow.swift; sourceTree = "<group>"; };
		ACD8AD452B9FA00200470DA1 /* DiscoverService.swift */ = {isa = PBXFileReference; fileEncoding = 4; lastKnownFileType = sourcecode.swift; path = DiscoverService.swift; sourceTree = "<group>"; };
		ACD8AD472B9FA0D800470DA1 /* MovieService.swift */ = {isa = PBXFileReference; lastKnownFileType = sourcecode.swift; path = MovieService.swift; sourceTree = "<group>"; };
		ACD8AD492B9FA10200470DA1 /* TVSeriesService.swift */ = {isa = PBXFileReference; lastKnownFileType = sourcecode.swift; path = TVSeriesService.swift; sourceTree = "<group>"; };
		ACD8AD4B2B9FA36A00470DA1 /* PersonService.swift */ = {isa = PBXFileReference; lastKnownFileType = sourcecode.swift; path = PersonService.swift; sourceTree = "<group>"; };
		ACD8AD4D2BA109C200470DA1 /* DiscoverView.swift */ = {isa = PBXFileReference; fileEncoding = 4; lastKnownFileType = sourcecode.swift; path = DiscoverView.swift; sourceTree = "<group>"; };
		ACFC6BB42B9DC39400F7010C /* MovieNetwork.app */ = {isa = PBXFileReference; explicitFileType = wrapper.application; includeInIndex = 0; path = MovieNetwork.app; sourceTree = BUILT_PRODUCTS_DIR; };
		ACFC6BB52B9DDBC800F7010C /* FilmographySection.swift */ = {isa = PBXFileReference; lastKnownFileType = sourcecode.swift; path = FilmographySection.swift; sourceTree = "<group>"; };
		ACFC6BB72B9DF89300F7010C /* Assets.xcassets */ = {isa = PBXFileReference; lastKnownFileType = folder.assetcatalog; path = Assets.xcassets; sourceTree = "<group>"; };
		ACFDBCB02B8D018A00D8AA95 /* MovieNetwork.entitlements */ = {isa = PBXFileReference; lastKnownFileType = text.plist.entitlements; path = MovieNetwork.entitlements; sourceTree = "<group>"; };
/* End PBXFileReference section */

/* Begin PBXFrameworksBuildPhase section */
		AC3F3C762B80CC8700D306C0 /* Frameworks */ = {
			isa = PBXFrameworksBuildPhase;
			buildActionMask = 2147483647;
			files = (
				AC9ED4992B8CC5AB001183F3 /* Supabase in Frameworks */,
				AC9ED4942B8CC3F3001183F3 /* Realtime in Frameworks */,
				AC5960AC2B9B8B5E00857FB2 /* YouTubePlayerKit in Frameworks */,
				AC9ED4852B8CC0AD001183F3 /* PostgREST in Frameworks */,
				AC9ED4832B8CC0AD001183F3 /* Functions in Frameworks */,
				AC9ED48E2B8CC3F3001183F3 /* Auth in Frameworks */,
				AC9ED4812B8CC0AD001183F3 /* Auth in Frameworks */,
				AC9ED4922B8CC3F3001183F3 /* PostgREST in Frameworks */,
				AC9ED4902B8CC3F3001183F3 /* Functions in Frameworks */,
				AC9ED4892B8CC0AD001183F3 /* Storage in Frameworks */,
				AC9ED4962B8CC3F3001183F3 /* Storage in Frameworks */,
				AC9ED4872B8CC0AD001183F3 /* Realtime in Frameworks */,
			);
			runOnlyForDeploymentPostprocessing = 0;
		};
/* End PBXFrameworksBuildPhase section */

/* Begin PBXGroup section */
		AC2798AF2BA5D5B200B599D3 /* Models */ = {
			isa = PBXGroup;
			children = (
				AC2798B02BA5DA8600B599D3 /* WatchlistsRow.swift */,
				AC2798B22BA5DC7C00B599D3 /* ShowsRow.swift */,
			);
			path = Models;
			sourceTree = "<group>";
		};
		AC3F3C702B80CC8700D306C0 = {
			isa = PBXGroup;
			children = (
				AC3F3C7B2B80CC8700D306C0 /* MovieNetwork */,
				ACFC6BB42B9DC39400F7010C /* MovieNetwork.app */,
			);
			sourceTree = "<group>";
		};
		AC3F3C7B2B80CC8700D306C0 /* MovieNetwork */ = {
			isa = PBXGroup;
			children = (
				AC5DDAE02B9A52FE003F466B /* MovieNetworkApp.swift */,
				AC5DDAED2B9A531F003F466B /* App */,
				AC5DDAF72B9A5338003F466B /* Components */,
				AC5DDB042B9A534F003F466B /* Models */,
				AC5DDB362B9A53B8003F466B /* Libs */,
				AC5DDB3A2B9A53CD003F466B /* Utils */,
				AC431CF52B8CD8F5003AC32E /* Info.plist */,
				ACFDBCB02B8D018A00D8AA95 /* MovieNetwork.entitlements */,
				ACFC6BB72B9DF89300F7010C /* Assets.xcassets */,
			);
			path = MovieNetwork;
			sourceTree = "<group>";
		};
		AC59609D2B9B649800857FB2 /* Videos */ = {
			isa = PBXGroup;
			children = (
				AC5960A42B9B654200857FB2 /* VideoCollection.swift */,
				AC5960A22B9B651600857FB2 /* VideoMetadata.swift */,
				AC5960A02B9B64E300857FB2 /* VideoType.swift */,
				AC59609E2B9B64B000857FB2 /* VideoSize.swift */,
			);
			path = Videos;
			sourceTree = "<group>";
		};
		AC5960AF2B9B8C5800857FB2 /* Components */ = {
			isa = PBXGroup;
			children = (
				AC5960B02B9B8C6500857FB2 /* ShowTrailer.swift */,
				AC5960B42B9BD94900857FB2 /* ShowHeader.swift */,
				AC5960C02B9BF27D00857FB2 /* ShowGenres.swift */,
				AC5960BE2B9BEFDC00857FB2 /* WatchlistControls.swift */,
				AC6974112B9C9E1000F9D7DD /* ShowToolbar.swift */,
			);
			path = Components;
			sourceTree = "<group>";
		};
		AC5DDAE22B9A531F003F466B /* Components */ = {
			isa = PBXGroup;
			children = (
				AC5DDB422B9A556A003F466B /* DiscoverFiltersControls.swift */,
			);
			path = Components;
			sourceTree = "<group>";
		};
		AC5DDAE32B9A531F003F466B /* Discover */ = {
			isa = PBXGroup;
			children = (
				ACD8AD4D2BA109C200470DA1 /* DiscoverView.swift */,
				AC5DDB442B9A557E003F466B /* DiscoverViewModel.swift */,
				AC5DDAE22B9A531F003F466B /* Components */,
			);
			path = Discover;
			sourceTree = "<group>";
		};
		AC5DDAE42B9A531F003F466B /* Feed */ = {
			isa = PBXGroup;
			children = (
				AC5DDB482B9A55A6003F466B /* FeedView.swift */,
			);
			path = Feed;
			sourceTree = "<group>";
		};
		AC5DDAE52B9A531F003F466B /* Person */ = {
			isa = PBXGroup;
			children = (
				AC5DDB552B9A563E003F466B /* PersonView.swift */,
				AC5DDB542B9A563E003F466B /* PersonViewModel.swift */,
				AC69741E2B9D1E0400F9D7DD /* Components */,
			);
			path = Person;
			sourceTree = "<group>";
		};
		AC5DDAE62B9A531F003F466B /* Profile */ = {
			isa = PBXGroup;
			children = (
				AC5DDB4C2B9A5615003F466B /* ProfileView.swift */,
				AC6974152B9CED7E00F9D7DD /* Components */,
			);
			path = Profile;
			sourceTree = "<group>";
		};
		AC5DDAE72B9A531F003F466B /* Show */ = {
			isa = PBXGroup;
			children = (
				AC5DDB512B9A562B003F466B /* ShowView.swift */,
				AC5DDB502B9A562B003F466B /* ShowViewModel.swift */,
				AC5960AF2B9B8C5800857FB2 /* Components */,
			);
			path = Show;
			sourceTree = "<group>";
		};
		AC5DDAE82B9A531F003F466B /* Watchlist */ = {
			isa = PBXGroup;
			children = (
				AC5DDB4A2B9A55E6003F466B /* WatchlisthView.swift */,
			);
			path = Watchlist;
			sourceTree = "<group>";
		};
		AC5DDAE92B9A531F003F466B /* App */ = {
			isa = PBXGroup;
			children = (
				AC5DDBA62B9A59E8003F466B /* AppView.swift */,
				AC5DDAE32B9A531F003F466B /* Discover */,
				AC5DDAE82B9A531F003F466B /* Watchlist */,
				AC5DDAE42B9A531F003F466B /* Feed */,
				AC5DDAE62B9A531F003F466B /* Profile */,
				AC7D4EEF2BA1B5C400029841 /* Search */,
				AC5DDAE72B9A531F003F466B /* Show */,
				AC5DDAE52B9A531F003F466B /* Person */,
			);
			path = App;
			sourceTree = "<group>";
		};
		AC5DDAEA2B9A531F003F466B /* AppleSignIn */ = {
			isa = PBXGroup;
			children = (
				AC5DDB5A2B9A565D003F466B /* AppleSignInButton.swift */,
				AC5DDB5B2B9A565D003F466B /* AppleSignInViewModel.swift */,
			);
			path = AppleSignIn;
			sourceTree = "<group>";
		};
		AC5DDAEB2B9A531F003F466B /* Auth */ = {
			isa = PBXGroup;
			children = (
				AC5DDB582B9A564F003F466B /* AuthRequiredView.swift */,
				AC5DDAEA2B9A531F003F466B /* AppleSignIn */,
			);
			path = Auth;
			sourceTree = "<group>";
		};
		AC5DDAEC2B9A531F003F466B /* OnBoarding */ = {
			isa = PBXGroup;
			children = (
				AC5DDB5E2B9A5676003F466B /* OnBoardingView.swift */,
			);
			path = OnBoarding;
			sourceTree = "<group>";
		};
		AC5DDAED2B9A531F003F466B /* App */ = {
			isa = PBXGroup;
			children = (
				AC5DDB402B9A5556003F466B /* RootView.swift */,
				AC5DDAE92B9A531F003F466B /* App */,
				AC5DDAEC2B9A531F003F466B /* OnBoarding */,
				AC5DDAEB2B9A531F003F466B /* Auth */,
			);
			path = App;
			sourceTree = "<group>";
		};
		AC5DDAF72B9A5338003F466B /* Components */ = {
			isa = PBXGroup;
			children = (
				AC5DDAF52B9A5338003F466B /* Texts.swift */,
				AC5DDAF12B9A5338003F466B /* Labels.swift */,
				AC5960BC2B9BE76F00857FB2 /* TextBlock.swift */,
				AC5DDAF32B9A5338003F466B /* Section.swift */,
				AC5DDAEF2B9A5338003F466B /* Buttons.swift */,
				AC69740E2B9C93A600F9D7DD /* Tag.swift */,
				AC5DDAEE2B9A5338003F466B /* Alerts.swift */,
				AC5DDAF02B9A5338003F466B /* Images.swift */,
				AC5960AD2B9B8B6700857FB2 /* Videos.swift */,
				AC5DDAF22B9A5338003F466B /* Posters.swift */,
				AC5960A82B9B75EC00857FB2 /* Backdrops.swift */,
				AC5DDAF62B9A5338003F466B /* Thumbnails.swift */,
				AC5DDAF42B9A5338003F466B /* Shadows.swift */,
			);
			path = Components;
			sourceTree = "<group>";
		};
		AC5DDB022B9A534F003F466B /* Utils */ = {
			isa = PBXGroup;
			children = (
				AC5DDB012B9A534F003F466B /* AspectRatio.swift */,
			);
			path = Utils;
			sourceTree = "<group>";
		};
		AC5DDB042B9A534F003F466B /* Models */ = {
			isa = PBXGroup;
			children = (
				AC5DDB032B9A534F003F466B /* ShowType.swift */,
				AC5DDB022B9A534F003F466B /* Utils */,
			);
			path = Models;
			sourceTree = "<group>";
		};
		AC5DDB272B9A53B8003F466B /* Models */ = {
			isa = PBXGroup;
			children = (
				AC5DDB602B9A5773003F466B /* Tab.swift */,
				AC5DDB682B9A579D003F466B /* Stack.swift */,
			);
			path = Models;
			sourceTree = "<group>";
		};
		AC5DDB282B9A53B8003F466B /* Navigation */ = {
			isa = PBXGroup;
			children = (
				AC5DDB7A2B9A585A003F466B /* NavigationManager.swift */,
				AC5DDB272B9A53B8003F466B /* Models */,
			);
			path = Navigation;
			sourceTree = "<group>";
		};
		AC5DDB292B9A53B8003F466B /* Supabase */ = {
			isa = PBXGroup;
			children = (
				AC5DDB942B9A5923003F466B /* SupabaseManager.swift */,
				AC5DDB8C2B9A58F2003F466B /* SessionManager.swift */,
				AC2798AF2BA5D5B200B599D3 /* Models */,
			);
			path = Supabase;
			sourceTree = "<group>";
		};
		AC5DDB2A2B9A53B8003F466B /* Lists */ = {
			isa = PBXGroup;
			children = (
				AC5DDB6E2B9A57DF003F466B /* Genres.swift */,
			);
			path = Lists;
			sourceTree = "<group>";
		};
		AC5DDB2B2B9A53B8003F466B /* Attributes */ = {
			isa = PBXGroup;
			children = (
				AC5DDB702B9A57F5003F466B /* Gender.swift */,
				AC6974182B9D0D7A00F9D7DD /* PersonCredits.swift */,
				AC69741C2B9D19A500F9D7DD /* Role.swift */,
				AC69741A2B9D190000F9D7DD /* Job.swift */,
				ACFC6BB52B9DDBC800F7010C /* FilmographySection.swift */,
			);
			path = Attributes;
			sourceTree = "<group>";
		};
		AC5DDB2C2B9A53B8003F466B /* Person */ = {
			isa = PBXGroup;
			children = (
				AC5DDB802B9A587D003F466B /* Person.swift */,
				AC5DDB642B9A5790003F466B /* CastMember.swift */,
				AC5DDB652B9A5790003F466B /* CrewMember.swift */,
				AC5DDB2B2B9A53B8003F466B /* Attributes */,
			);
			path = Person;
			sourceTree = "<group>";
		};
		AC5DDB2D2B9A53B8003F466B /* Attributes */ = {
			isa = PBXGroup;
			children = (
				AC5DDB712B9A57F5003F466B /* Genre.swift */,
				AC5DDB912B9A591C003F466B /* Status.swift */,
				AC5DDB982B9A5937003F466B /* TVSeason.swift */,
				AC5DDB9A2B9A5937003F466B /* TVEpisode.swift */,
				AC5DDB902B9A591C003F466B /* SpokenLanguage.swift */,
				AC5DDB842B9A58A2003F466B /* ProductionCompany.swift */,
				AC5DDB852B9A58A2003F466B /* ProductionCountry.swift */,
				AC5DDB7C2B9A5867003F466B /* Network.swift */,
				AC5960A62B9B674500857FB2 /* ShowCredits.swift */,
				AC59609D2B9B649800857FB2 /* Videos */,
			);
			path = Attributes;
			sourceTree = "<group>";
		};
		AC5DDB2E2B9A53B8003F466B /* Show */ = {
			isa = PBXGroup;
			children = (
				AC5DDB8E2B9A5905003F466B /* Show.swift */,
				AC5DDB782B9A584A003F466B /* Movie.swift */,
				AC5DDB992B9A5937003F466B /* TVSeries.swift */,
				AC5DDB2D2B9A53B8003F466B /* Attributes */,
			);
			path = Show;
			sourceTree = "<group>";
		};
		AC5DDB2F2B9A53B8003F466B /* Utils */ = {
			isa = PBXGroup;
			children = (
				AC5DDB7E2B9A5870003F466B /* PageableList.swift */,
			);
			path = Utils;
			sourceTree = "<group>";
		};
		AC5DDB302B9A53B8003F466B /* Media */ = {
			isa = PBXGroup;
			children = (
				AC5DDB762B9A5840003F466B /* Media.swift */,
				AC5DDB2E2B9A53B8003F466B /* Show */,
				AC5DDB2C2B9A53B8003F466B /* Person */,
				AC5DDB2F2B9A53B8003F466B /* Utils */,
			);
			path = Media;
			sourceTree = "<group>";
		};
		AC5DDB312B9A53B8003F466B /* Services */ = {
			isa = PBXGroup;
			children = (
				AC5DDBA42B9A59AB003F466B /* TrendingService.swift */,
				ACD8AD452B9FA00200470DA1 /* DiscoverService.swift */,
				ACD8AD472B9FA0D800470DA1 /* MovieService.swift */,
				ACD8AD492B9FA10200470DA1 /* TVSeriesService.swift */,
				ACD8AD4B2B9FA36A00470DA1 /* PersonService.swift */,
			);
			path = Services;
			sourceTree = "<group>";
		};
		AC5DDB322B9A53B8003F466B /* Models */ = {
			isa = PBXGroup;
			children = (
				AC5DDB302B9A53B8003F466B /* Media */,
				AC5DDB312B9A53B8003F466B /* Services */,
			);
			path = Models;
			sourceTree = "<group>";
		};
		AC5DDB332B9A53B8003F466B /* Protocols */ = {
			isa = PBXGroup;
			children = (
				AC5DDB822B9A5889003F466B /* Posterable.swift */,
				AC5DDB622B9A5785003F466B /* Backdropable.swift */,
				AC5DDB882B9A58AF003F466B /* Profilable.swift */,
			);
			path = Protocols;
			sourceTree = "<group>";
		};
		AC5DDB342B9A53B8003F466B /* Utils */ = {
			isa = PBXGroup;
			children = (
				AC5DDB9E2B9A5948003F466B /* URLRequests.swift */,
				AC5DDB742B9A5832003F466B /* ImageURL.swift */,
				AC5960B22B9BD07100857FB2 /* TMDbSampleData.swift */,
			);
			path = Utils;
			sourceTree = "<group>";
		};
		AC5DDB352B9A53B8003F466B /* TMDb */ = {
			isa = PBXGroup;
			children = (
				AC5DDB962B9A592D003F466B /* TMDbManager.swift */,
				AC5DDB322B9A53B8003F466B /* Models */,
				AC5DDB332B9A53B8003F466B /* Protocols */,
				AC5DDB2A2B9A53B8003F466B /* Lists */,
				AC5DDB342B9A53B8003F466B /* Utils */,
			);
			path = TMDb;
			sourceTree = "<group>";
		};
		AC5DDB362B9A53B8003F466B /* Libs */ = {
			isa = PBXGroup;
			children = (
				AC5DDBA02B9A5956003F466B /* UserDefaults.swift */,
				AC5DDB282B9A53B8003F466B /* Navigation */,
				AC5DDB292B9A53B8003F466B /* Supabase */,
				AC5DDB352B9A53B8003F466B /* TMDb */,
			);
			path = Libs;
			sourceTree = "<group>";
		};
		AC5DDB3A2B9A53CD003F466B /* Utils */ = {
			isa = PBXGroup;
			children = (
				AC5960B82B9BDAFD00857FB2 /* Numbers.swift */,
				AC5960BA2B9BDD8100857FB2 /* Strings.swift */,
				AC5960B62B9BDAC400857FB2 /* Dates.swift */,
				AC5DDB372B9A53CD003F466B /* Arrays.swift */,
				AC5DDB382B9A53CD003F466B /* Sequences.swift */,
				AC5DDB392B9A53CD003F466B /* UIKit.swift */,
				AC6974132B9CBD9800F9D7DD /* Config.swift */,
			);
			path = Utils;
			sourceTree = "<group>";
		};
		AC6974152B9CED7E00F9D7DD /* Components */ = {
			isa = PBXGroup;
			children = (
				AC5DDB4D2B9A5615003F466B /* ProfileTrigger.swift */,
				AC6974162B9CED8900F9D7DD /* ProfileToolbar.swift */,
			);
			path = Components;
			sourceTree = "<group>";
		};
		AC69741E2B9D1E0400F9D7DD /* Components */ = {
			isa = PBXGroup;
			children = (
				AC69741F2B9D1E2E00F9D7DD /* PersonToolbar.swift */,
			);
			path = Components;
			sourceTree = "<group>";
		};
		AC7D4EEF2BA1B5C400029841 /* Search */ = {
			isa = PBXGroup;
			children = (
				AC7D4EF02BA1B5D500029841 /* SearchView.swift */,
				AC7D4EF52BA1FB0700029841 /* SearchViewModel.swift */,
				AC7D4EF22BA1BB6100029841 /* Components */,
			);
			path = Search;
			sourceTree = "<group>";
		};
		AC7D4EF22BA1BB6100029841 /* Components */ = {
			isa = PBXGroup;
			children = (
				AC7D4EFB2BA22F9500029841 /* MediaRow.swift */,
			);
			path = Components;
			sourceTree = "<group>";
		};
/* End PBXGroup section */

/* Begin PBXNativeTarget section */
		AC3F3C782B80CC8700D306C0 /* MovieNetwork */ = {
			isa = PBXNativeTarget;
			buildConfigurationList = AC3F3C872B80CC8800D306C0 /* Build configuration list for PBXNativeTarget "MovieNetwork" */;
			buildPhases = (
				AC3F3C752B80CC8700D306C0 /* Sources */,
				AC3F3C762B80CC8700D306C0 /* Frameworks */,
				AC3F3C772B80CC8700D306C0 /* Resources */,
			);
			buildRules = (
			);
			dependencies = (
			);
			name = MovieNetwork;
			packageProductDependencies = (
				AC9ED4802B8CC0AD001183F3 /* Auth */,
				AC9ED4822B8CC0AD001183F3 /* Functions */,
				AC9ED4842B8CC0AD001183F3 /* PostgREST */,
				AC9ED4862B8CC0AD001183F3 /* Realtime */,
				AC9ED4882B8CC0AD001183F3 /* Storage */,
				AC9ED48D2B8CC3F3001183F3 /* Auth */,
				AC9ED48F2B8CC3F3001183F3 /* Functions */,
				AC9ED4912B8CC3F3001183F3 /* PostgREST */,
				AC9ED4932B8CC3F3001183F3 /* Realtime */,
				AC9ED4952B8CC3F3001183F3 /* Storage */,
				AC9ED4982B8CC5AB001183F3 /* Supabase */,
				AC5960AB2B9B8B5E00857FB2 /* YouTubePlayerKit */,
			);
			productName = MovieNetwork;
			productReference = ACFC6BB42B9DC39400F7010C /* MovieNetwork.app */;
			productType = "com.apple.product-type.application";
		};
/* End PBXNativeTarget section */

/* Begin PBXProject section */
		AC3F3C712B80CC8700D306C0 /* Project object */ = {
			isa = PBXProject;
			attributes = {
				BuildIndependentTargetsInParallel = 1;
				LastSwiftUpdateCheck = 1520;
				LastUpgradeCheck = 1520;
				TargetAttributes = {
					AC3F3C782B80CC8700D306C0 = {
						CreatedOnToolsVersion = 15.2;
						LastSwiftMigration = 1530;
					};
				};
			};
			buildConfigurationList = AC3F3C742B80CC8700D306C0 /* Build configuration list for PBXProject "MovieNetwork" */;
			compatibilityVersion = "Xcode 14.0";
			developmentRegion = en;
			hasScannedForEncodings = 0;
			knownRegions = (
				en,
				Base,
			);
			mainGroup = AC3F3C702B80CC8700D306C0;
			packageReferences = (
				AC9ED47F2B8CC0AD001183F3 /* XCRemoteSwiftPackageReference "supabase-swift" */,
				AC5960AA2B9B8B5E00857FB2 /* XCRemoteSwiftPackageReference "YouTubePlayerKit" */,
			);
			productRefGroup = AC3F3C702B80CC8700D306C0;
			projectDirPath = "";
			projectRoot = "";
			targets = (
				AC3F3C782B80CC8700D306C0 /* MovieNetwork */,
			);
		};
/* End PBXProject section */

/* Begin PBXResourcesBuildPhase section */
		AC3F3C772B80CC8700D306C0 /* Resources */ = {
			isa = PBXResourcesBuildPhase;
			buildActionMask = 2147483647;
			files = (
				ACFC6BB82B9DF89300F7010C /* Assets.xcassets in Resources */,
			);
			runOnlyForDeploymentPostprocessing = 0;
		};
/* End PBXResourcesBuildPhase section */

/* Begin PBXSourcesBuildPhase section */
		AC3F3C752B80CC8700D306C0 /* Sources */ = {
			isa = PBXSourcesBuildPhase;
			buildActionMask = 2147483647;
			files = (
				AC5DDB792B9A584A003F466B /* Movie.swift in Sources */,
				AC5DDB492B9A55A6003F466B /* FeedView.swift in Sources */,
				AC5960C12B9BF27D00857FB2 /* ShowGenres.swift in Sources */,
				AC5DDB062B9A534F003F466B /* ShowType.swift in Sources */,
				AC5960B52B9BD94900857FB2 /* ShowHeader.swift in Sources */,
				AC6974142B9CBD9800F9D7DD /* Config.swift in Sources */,
				ACFC6BB62B9DDBC800F7010C /* FilmographySection.swift in Sources */,
				AC5960AE2B9B8B6700857FB2 /* Videos.swift in Sources */,
				AC7D4EFC2BA22F9500029841 /* MediaRow.swift in Sources */,
				AC5DDB952B9A5923003F466B /* SupabaseManager.swift in Sources */,
				AC5DDB772B9A5840003F466B /* Media.swift in Sources */,
				AC5DDBA12B9A5956003F466B /* UserDefaults.swift in Sources */,
				AC5960B32B9BD07100857FB2 /* TMDbSampleData.swift in Sources */,
				AC5DDB432B9A556A003F466B /* DiscoverFiltersControls.swift in Sources */,
				AC5DDB892B9A58AF003F466B /* Profilable.swift in Sources */,
				ACD8AD4C2B9FA36A00470DA1 /* PersonService.swift in Sources */,
				AC5DDB7D2B9A5867003F466B /* Network.swift in Sources */,
				AC69741B2B9D190000F9D7DD /* Job.swift in Sources */,
				AC5DDB522B9A562B003F466B /* ShowViewModel.swift in Sources */,
				AC5DDB672B9A5791003F466B /* CrewMember.swift in Sources */,
				AC5DDB972B9A592D003F466B /* TMDbManager.swift in Sources */,
				AC5960A92B9B75EC00857FB2 /* Backdrops.swift in Sources */,
				AC6974202B9D1E2E00F9D7DD /* PersonToolbar.swift in Sources */,
				AC5960BD2B9BE76F00857FB2 /* TextBlock.swift in Sources */,
				AC2798B12BA5DA8600B599D3 /* WatchlistsRow.swift in Sources */,
				AC5DDAF92B9A5338003F466B /* Buttons.swift in Sources */,
				AC5DDB532B9A562B003F466B /* ShowView.swift in Sources */,
				ACD8AD482B9FA0D800470DA1 /* MovieService.swift in Sources */,
				AC5DDB9B2B9A5937003F466B /* TVSeason.swift in Sources */,
				ACD8AD4E2BA109C200470DA1 /* DiscoverView.swift in Sources */,
				AC5DDB462B9A557E003F466B /* DiscoverViewModel.swift in Sources */,
				AC5DDAFE2B9A5338003F466B /* Shadows.swift in Sources */,
				AC5DDBA52B9A59AC003F466B /* TrendingService.swift in Sources */,
				AC5960A32B9B651600857FB2 /* VideoMetadata.swift in Sources */,
				AC5960A12B9B64E300857FB2 /* VideoType.swift in Sources */,
				AC5DDAFB2B9A5338003F466B /* Labels.swift in Sources */,
				AC5DDB9F2B9A5948003F466B /* URLRequests.swift in Sources */,
				AC5DDB5D2B9A565D003F466B /* AppleSignInViewModel.swift in Sources */,
				AC5DDB3C2B9A53CD003F466B /* Sequences.swift in Sources */,
				AC5DDAFF2B9A5338003F466B /* Texts.swift in Sources */,
				AC5DDB662B9A5791003F466B /* CastMember.swift in Sources */,
				AC69740F2B9C93A600F9D7DD /* Tag.swift in Sources */,
				AC5960A72B9B674500857FB2 /* ShowCredits.swift in Sources */,
				AC5DDBA72B9A59E8003F466B /* AppView.swift in Sources */,
				AC5DDB9C2B9A5937003F466B /* TVSeries.swift in Sources */,
				AC5960BF2B9BEFDC00857FB2 /* WatchlistControls.swift in Sources */,
				AC2798B32BA5DC7C00B599D3 /* ShowsRow.swift in Sources */,
				AC5DDB752B9A5832003F466B /* ImageURL.swift in Sources */,
				AC5DDAFA2B9A5338003F466B /* Images.swift in Sources */,
				AC7D4EF12BA1B5D500029841 /* SearchView.swift in Sources */,
				AC5DDB922B9A591C003F466B /* SpokenLanguage.swift in Sources */,
				AC5DDB6F2B9A57DF003F466B /* Genres.swift in Sources */,
				AC5DDB4B2B9A55E6003F466B /* WatchlisthView.swift in Sources */,
				AC5DDB9D2B9A5937003F466B /* TVEpisode.swift in Sources */,
				AC5DDB8F2B9A5905003F466B /* Show.swift in Sources */,
				ACD8AD4A2B9FA10200470DA1 /* TVSeriesService.swift in Sources */,
				AC5DDAFD2B9A5338003F466B /* Section.swift in Sources */,
				AC6974122B9C9E1000F9D7DD /* ShowToolbar.swift in Sources */,
				AC5DDB812B9A587D003F466B /* Person.swift in Sources */,
				AC5DDB412B9A5556003F466B /* RootView.swift in Sources */,
				AC5DDAF82B9A5338003F466B /* Alerts.swift in Sources */,
				AC5DDB562B9A563E003F466B /* PersonViewModel.swift in Sources */,
				AC5DDB572B9A563E003F466B /* PersonView.swift in Sources */,
				AC5960B92B9BDAFD00857FB2 /* Numbers.swift in Sources */,
				AC7D4EF62BA1FB0700029841 /* SearchViewModel.swift in Sources */,
				AC5DDB862B9A58A2003F466B /* ProductionCompany.swift in Sources */,
				AC6974192B9D0D7A00F9D7DD /* PersonCredits.swift in Sources */,
				AC5DDAFC2B9A5338003F466B /* Posters.swift in Sources */,
				AC5960B72B9BDAC400857FB2 /* Dates.swift in Sources */,
				AC6974172B9CED8900F9D7DD /* ProfileToolbar.swift in Sources */,
				AC5DDB632B9A5785003F466B /* Backdropable.swift in Sources */,
				AC5DDB3D2B9A53CD003F466B /* UIKit.swift in Sources */,
				AC5DDB5C2B9A565D003F466B /* AppleSignInButton.swift in Sources */,
				AC5DDB002B9A5338003F466B /* Thumbnails.swift in Sources */,
				AC5DDB692B9A579D003F466B /* Stack.swift in Sources */,
				AC5DDB7B2B9A585A003F466B /* NavigationManager.swift in Sources */,
				AC5DDB052B9A534F003F466B /* AspectRatio.swift in Sources */,
				AC5DDB592B9A564F003F466B /* AuthRequiredView.swift in Sources */,
				AC5DDB732B9A57F5003F466B /* Genre.swift in Sources */,
				AC5DDB5F2B9A5676003F466B /* OnBoardingView.swift in Sources */,
				AC5DDB4F2B9A5615003F466B /* ProfileTrigger.swift in Sources */,
				AC5960BB2B9BDD8100857FB2 /* Strings.swift in Sources */,
				AC5DDB3B2B9A53CD003F466B /* Arrays.swift in Sources */,
				AC5DDB722B9A57F5003F466B /* Gender.swift in Sources */,
				AC5DDB4E2B9A5615003F466B /* ProfileView.swift in Sources */,
				AC5DDB872B9A58A2003F466B /* ProductionCountry.swift in Sources */,
				AC5960B12B9B8C6500857FB2 /* ShowTrailer.swift in Sources */,
				ACD8AD462B9FA00200470DA1 /* DiscoverService.swift in Sources */,
				AC5DDB832B9A5889003F466B /* Posterable.swift in Sources */,
				AC5DDB8D2B9A58F2003F466B /* SessionManager.swift in Sources */,
				AC5DDB932B9A591C003F466B /* Status.swift in Sources */,
				AC59609F2B9B64B000857FB2 /* VideoSize.swift in Sources */,
				AC69741D2B9D19A500F9D7DD /* Role.swift in Sources */,
				AC5DDAE12B9A52FE003F466B /* MovieNetworkApp.swift in Sources */,
				AC5DDB7F2B9A5870003F466B /* PageableList.swift in Sources */,
				AC5960A52B9B654200857FB2 /* VideoCollection.swift in Sources */,
				AC5DDB612B9A5773003F466B /* Tab.swift in Sources */,
			);
			runOnlyForDeploymentPostprocessing = 0;
		};
/* End PBXSourcesBuildPhase section */

/* Begin XCBuildConfiguration section */
		AC3F3C852B80CC8800D306C0 /* Debug */ = {
			isa = XCBuildConfiguration;
			buildSettings = {
				ALWAYS_SEARCH_USER_PATHS = NO;
				ASSETCATALOG_COMPILER_GENERATE_SWIFT_ASSET_SYMBOL_EXTENSIONS = YES;
				CLANG_ANALYZER_NONNULL = YES;
				CLANG_ANALYZER_NUMBER_OBJECT_CONVERSION = YES_AGGRESSIVE;
				CLANG_CXX_LANGUAGE_STANDARD = "gnu++20";
				CLANG_ENABLE_MODULES = YES;
				CLANG_ENABLE_OBJC_ARC = YES;
				CLANG_ENABLE_OBJC_WEAK = YES;
				CLANG_WARN_BLOCK_CAPTURE_AUTORELEASING = YES;
				CLANG_WARN_BOOL_CONVERSION = YES;
				CLANG_WARN_COMMA = YES;
				CLANG_WARN_CONSTANT_CONVERSION = YES;
				CLANG_WARN_DEPRECATED_OBJC_IMPLEMENTATIONS = YES;
				CLANG_WARN_DIRECT_OBJC_ISA_USAGE = YES_ERROR;
				CLANG_WARN_DOCUMENTATION_COMMENTS = YES;
				CLANG_WARN_EMPTY_BODY = YES;
				CLANG_WARN_ENUM_CONVERSION = YES;
				CLANG_WARN_INFINITE_RECURSION = YES;
				CLANG_WARN_INT_CONVERSION = YES;
				CLANG_WARN_NON_LITERAL_NULL_CONVERSION = YES;
				CLANG_WARN_OBJC_IMPLICIT_RETAIN_SELF = YES;
				CLANG_WARN_OBJC_LITERAL_CONVERSION = YES;
				CLANG_WARN_OBJC_ROOT_CLASS = YES_ERROR;
				CLANG_WARN_QUOTED_INCLUDE_IN_FRAMEWORK_HEADER = YES;
				CLANG_WARN_RANGE_LOOP_ANALYSIS = YES;
				CLANG_WARN_STRICT_PROTOTYPES = YES;
				CLANG_WARN_SUSPICIOUS_MOVE = YES;
				CLANG_WARN_UNGUARDED_AVAILABILITY = YES_AGGRESSIVE;
				CLANG_WARN_UNREACHABLE_CODE = YES;
				CLANG_WARN__DUPLICATE_METHOD_MATCH = YES;
				COPY_PHASE_STRIP = NO;
				DEBUG_INFORMATION_FORMAT = dwarf;
				ENABLE_STRICT_OBJC_MSGSEND = YES;
				ENABLE_TESTABILITY = YES;
				ENABLE_USER_SCRIPT_SANDBOXING = YES;
				GCC_C_LANGUAGE_STANDARD = gnu17;
				GCC_DYNAMIC_NO_PIC = NO;
				GCC_NO_COMMON_BLOCKS = YES;
				GCC_OPTIMIZATION_LEVEL = 0;
				GCC_PREPROCESSOR_DEFINITIONS = (
					"DEBUG=1",
					"$(inherited)",
				);
				GCC_WARN_64_TO_32_BIT_CONVERSION = YES;
				GCC_WARN_ABOUT_RETURN_TYPE = YES_ERROR;
				GCC_WARN_UNDECLARED_SELECTOR = YES;
				GCC_WARN_UNINITIALIZED_AUTOS = YES_AGGRESSIVE;
				GCC_WARN_UNUSED_FUNCTION = YES;
				GCC_WARN_UNUSED_VARIABLE = YES;
				IPHONEOS_DEPLOYMENT_TARGET = 17.2;
				LOCALIZATION_PREFERS_STRING_CATALOGS = YES;
				MTL_ENABLE_DEBUG_INFO = INCLUDE_SOURCE;
				MTL_FAST_MATH = YES;
				ONLY_ACTIVE_ARCH = YES;
				SDKROOT = iphoneos;
				SWIFT_ACTIVE_COMPILATION_CONDITIONS = "DEBUG $(inherited)";
				SWIFT_OPTIMIZATION_LEVEL = "-Onone";
			};
			name = Debug;
		};
		AC3F3C862B80CC8800D306C0 /* Release */ = {
			isa = XCBuildConfiguration;
			buildSettings = {
				ALWAYS_SEARCH_USER_PATHS = NO;
				ASSETCATALOG_COMPILER_GENERATE_SWIFT_ASSET_SYMBOL_EXTENSIONS = YES;
				CLANG_ANALYZER_NONNULL = YES;
				CLANG_ANALYZER_NUMBER_OBJECT_CONVERSION = YES_AGGRESSIVE;
				CLANG_CXX_LANGUAGE_STANDARD = "gnu++20";
				CLANG_ENABLE_MODULES = YES;
				CLANG_ENABLE_OBJC_ARC = YES;
				CLANG_ENABLE_OBJC_WEAK = YES;
				CLANG_WARN_BLOCK_CAPTURE_AUTORELEASING = YES;
				CLANG_WARN_BOOL_CONVERSION = YES;
				CLANG_WARN_COMMA = YES;
				CLANG_WARN_CONSTANT_CONVERSION = YES;
				CLANG_WARN_DEPRECATED_OBJC_IMPLEMENTATIONS = YES;
				CLANG_WARN_DIRECT_OBJC_ISA_USAGE = YES_ERROR;
				CLANG_WARN_DOCUMENTATION_COMMENTS = YES;
				CLANG_WARN_EMPTY_BODY = YES;
				CLANG_WARN_ENUM_CONVERSION = YES;
				CLANG_WARN_INFINITE_RECURSION = YES;
				CLANG_WARN_INT_CONVERSION = YES;
				CLANG_WARN_NON_LITERAL_NULL_CONVERSION = YES;
				CLANG_WARN_OBJC_IMPLICIT_RETAIN_SELF = YES;
				CLANG_WARN_OBJC_LITERAL_CONVERSION = YES;
				CLANG_WARN_OBJC_ROOT_CLASS = YES_ERROR;
				CLANG_WARN_QUOTED_INCLUDE_IN_FRAMEWORK_HEADER = YES;
				CLANG_WARN_RANGE_LOOP_ANALYSIS = YES;
				CLANG_WARN_STRICT_PROTOTYPES = YES;
				CLANG_WARN_SUSPICIOUS_MOVE = YES;
				CLANG_WARN_UNGUARDED_AVAILABILITY = YES_AGGRESSIVE;
				CLANG_WARN_UNREACHABLE_CODE = YES;
				CLANG_WARN__DUPLICATE_METHOD_MATCH = YES;
				COPY_PHASE_STRIP = NO;
				DEBUG_INFORMATION_FORMAT = "dwarf-with-dsym";
				ENABLE_NS_ASSERTIONS = NO;
				ENABLE_STRICT_OBJC_MSGSEND = YES;
				ENABLE_USER_SCRIPT_SANDBOXING = YES;
				GCC_C_LANGUAGE_STANDARD = gnu17;
				GCC_NO_COMMON_BLOCKS = YES;
				GCC_WARN_64_TO_32_BIT_CONVERSION = YES;
				GCC_WARN_ABOUT_RETURN_TYPE = YES_ERROR;
				GCC_WARN_UNDECLARED_SELECTOR = YES;
				GCC_WARN_UNINITIALIZED_AUTOS = YES_AGGRESSIVE;
				GCC_WARN_UNUSED_FUNCTION = YES;
				GCC_WARN_UNUSED_VARIABLE = YES;
				IPHONEOS_DEPLOYMENT_TARGET = 17.2;
				LOCALIZATION_PREFERS_STRING_CATALOGS = YES;
				MTL_ENABLE_DEBUG_INFO = NO;
				MTL_FAST_MATH = YES;
				SDKROOT = iphoneos;
				SWIFT_COMPILATION_MODE = wholemodule;
				VALIDATE_PRODUCT = YES;
			};
			name = Release;
		};
		AC3F3C882B80CC8800D306C0 /* Debug */ = {
			isa = XCBuildConfiguration;
			buildSettings = {
				ASSETCATALOG_COMPILER_APPICON_NAME = AppIcon;
				ASSETCATALOG_COMPILER_GLOBAL_ACCENT_COLOR_NAME = Accent9;
				CLANG_ENABLE_MODULES = YES;
				CODE_SIGN_ENTITLEMENTS = MovieNetwork/MovieNetwork.entitlements;
				CODE_SIGN_STYLE = Automatic;
				CURRENT_PROJECT_VERSION = 1;
				DEVELOPMENT_TEAM = 9QWWK7W3AM;
				ENABLE_PREVIEWS = YES;
				GENERATE_INFOPLIST_FILE = YES;
				INFOPLIST_FILE = MovieNetwork/Info.plist;
				INFOPLIST_KEY_CFBundleDisplayName = "Movie Network";
				INFOPLIST_KEY_LSApplicationCategoryType = "public.app-category.social-networking";
				INFOPLIST_KEY_UIApplicationSceneManifest_Generation = YES;
				INFOPLIST_KEY_UIApplicationSupportsIndirectInputEvents = YES;
				INFOPLIST_KEY_UILaunchScreen_Generation = YES;
				INFOPLIST_KEY_UISupportedInterfaceOrientations = UIInterfaceOrientationPortrait;
				INFOPLIST_KEY_UISupportedInterfaceOrientations_iPad = "UIInterfaceOrientationLandscapeLeft UIInterfaceOrientationLandscapeRight UIInterfaceOrientationPortrait UIInterfaceOrientationPortraitUpsideDown";
				IPHONEOS_DEPLOYMENT_TARGET = 17.0;
				LD_RUNPATH_SEARCH_PATHS = (
					"$(inherited)",
					"@executable_path/Frameworks",
				);
				MARKETING_VERSION = 1.0;
				PRODUCT_BUNDLE_IDENTIFIER = xyz.druon.MovieNetwork;
				PRODUCT_NAME = "$(TARGET_NAME)";
				SWIFT_EMIT_LOC_STRINGS = YES;
				SWIFT_OPTIMIZATION_LEVEL = "-Onone";
				SWIFT_VERSION = 5.0;
				TARGETED_DEVICE_FAMILY = "1,2";
			};
			name = Debug;
		};
		AC3F3C892B80CC8800D306C0 /* Release */ = {
			isa = XCBuildConfiguration;
			buildSettings = {
				ASSETCATALOG_COMPILER_APPICON_NAME = AppIcon;
				ASSETCATALOG_COMPILER_GLOBAL_ACCENT_COLOR_NAME = Accent9;
				CLANG_ENABLE_MODULES = YES;
				CODE_SIGN_ENTITLEMENTS = MovieNetwork/MovieNetwork.entitlements;
				CODE_SIGN_STYLE = Automatic;
				CURRENT_PROJECT_VERSION = 1;
				DEVELOPMENT_TEAM = 9QWWK7W3AM;
				ENABLE_PREVIEWS = YES;
				GENERATE_INFOPLIST_FILE = YES;
				INFOPLIST_FILE = MovieNetwork/Info.plist;
				INFOPLIST_KEY_CFBundleDisplayName = "Movie Network";
				INFOPLIST_KEY_LSApplicationCategoryType = "public.app-category.social-networking";
				INFOPLIST_KEY_UIApplicationSceneManifest_Generation = YES;
				INFOPLIST_KEY_UIApplicationSupportsIndirectInputEvents = YES;
				INFOPLIST_KEY_UILaunchScreen_Generation = YES;
				INFOPLIST_KEY_UISupportedInterfaceOrientations = UIInterfaceOrientationPortrait;
				INFOPLIST_KEY_UISupportedInterfaceOrientations_iPad = "UIInterfaceOrientationLandscapeLeft UIInterfaceOrientationLandscapeRight UIInterfaceOrientationPortrait UIInterfaceOrientationPortraitUpsideDown";
				IPHONEOS_DEPLOYMENT_TARGET = 17.0;
				LD_RUNPATH_SEARCH_PATHS = (
					"$(inherited)",
					"@executable_path/Frameworks",
				);
				MARKETING_VERSION = 1.0;
				PRODUCT_BUNDLE_IDENTIFIER = xyz.druon.MovieNetwork;
				PRODUCT_NAME = "$(TARGET_NAME)";
				SWIFT_EMIT_LOC_STRINGS = YES;
				SWIFT_VERSION = 5.0;
				TARGETED_DEVICE_FAMILY = "1,2";
			};
			name = Release;
		};
/* End XCBuildConfiguration section */

/* Begin XCConfigurationList section */
		AC3F3C742B80CC8700D306C0 /* Build configuration list for PBXProject "MovieNetwork" */ = {
			isa = XCConfigurationList;
			buildConfigurations = (
				AC3F3C852B80CC8800D306C0 /* Debug */,
				AC3F3C862B80CC8800D306C0 /* Release */,
			);
			defaultConfigurationIsVisible = 0;
			defaultConfigurationName = Release;
		};
		AC3F3C872B80CC8800D306C0 /* Build configuration list for PBXNativeTarget "MovieNetwork" */ = {
			isa = XCConfigurationList;
			buildConfigurations = (
				AC3F3C882B80CC8800D306C0 /* Debug */,
				AC3F3C892B80CC8800D306C0 /* Release */,
			);
			defaultConfigurationIsVisible = 0;
			defaultConfigurationName = Release;
		};
/* End XCConfigurationList section */

/* Begin XCRemoteSwiftPackageReference section */
		AC5960AA2B9B8B5E00857FB2 /* XCRemoteSwiftPackageReference "YouTubePlayerKit" */ = {
			isa = XCRemoteSwiftPackageReference;
			repositoryURL = "https://github.com/SvenTiigi/YouTubePlayerKit.git";
			requirement = {
				kind = upToNextMajorVersion;
				minimumVersion = 1.7.0;
			};
		};
		AC9ED47F2B8CC0AD001183F3 /* XCRemoteSwiftPackageReference "supabase-swift" */ = {
			isa = XCRemoteSwiftPackageReference;
			repositoryURL = "https://github.com/supabase-community/supabase-swift.git";
			requirement = {
				kind = upToNextMajorVersion;
				minimumVersion = 2.3.1;
			};
		};
/* End XCRemoteSwiftPackageReference section */

/* Begin XCSwiftPackageProductDependency section */
		AC5960AB2B9B8B5E00857FB2 /* YouTubePlayerKit */ = {
			isa = XCSwiftPackageProductDependency;
			package = AC5960AA2B9B8B5E00857FB2 /* XCRemoteSwiftPackageReference "YouTubePlayerKit" */;
			productName = YouTubePlayerKit;
		};
		AC9ED4802B8CC0AD001183F3 /* Auth */ = {
			isa = XCSwiftPackageProductDependency;
			package = AC9ED47F2B8CC0AD001183F3 /* XCRemoteSwiftPackageReference "supabase-swift" */;
			productName = Auth;
		};
		AC9ED4822B8CC0AD001183F3 /* Functions */ = {
			isa = XCSwiftPackageProductDependency;
			package = AC9ED47F2B8CC0AD001183F3 /* XCRemoteSwiftPackageReference "supabase-swift" */;
			productName = Functions;
		};
		AC9ED4842B8CC0AD001183F3 /* PostgREST */ = {
			isa = XCSwiftPackageProductDependency;
			package = AC9ED47F2B8CC0AD001183F3 /* XCRemoteSwiftPackageReference "supabase-swift" */;
			productName = PostgREST;
		};
		AC9ED4862B8CC0AD001183F3 /* Realtime */ = {
			isa = XCSwiftPackageProductDependency;
			package = AC9ED47F2B8CC0AD001183F3 /* XCRemoteSwiftPackageReference "supabase-swift" */;
			productName = Realtime;
		};
		AC9ED4882B8CC0AD001183F3 /* Storage */ = {
			isa = XCSwiftPackageProductDependency;
			package = AC9ED47F2B8CC0AD001183F3 /* XCRemoteSwiftPackageReference "supabase-swift" */;
			productName = Storage;
		};
		AC9ED48D2B8CC3F3001183F3 /* Auth */ = {
			isa = XCSwiftPackageProductDependency;
			package = AC9ED47F2B8CC0AD001183F3 /* XCRemoteSwiftPackageReference "supabase-swift" */;
			productName = Auth;
		};
		AC9ED48F2B8CC3F3001183F3 /* Functions */ = {
			isa = XCSwiftPackageProductDependency;
			package = AC9ED47F2B8CC0AD001183F3 /* XCRemoteSwiftPackageReference "supabase-swift" */;
			productName = Functions;
		};
		AC9ED4912B8CC3F3001183F3 /* PostgREST */ = {
			isa = XCSwiftPackageProductDependency;
			package = AC9ED47F2B8CC0AD001183F3 /* XCRemoteSwiftPackageReference "supabase-swift" */;
			productName = PostgREST;
		};
		AC9ED4932B8CC3F3001183F3 /* Realtime */ = {
			isa = XCSwiftPackageProductDependency;
			package = AC9ED47F2B8CC0AD001183F3 /* XCRemoteSwiftPackageReference "supabase-swift" */;
			productName = Realtime;
		};
		AC9ED4952B8CC3F3001183F3 /* Storage */ = {
			isa = XCSwiftPackageProductDependency;
			package = AC9ED47F2B8CC0AD001183F3 /* XCRemoteSwiftPackageReference "supabase-swift" */;
			productName = Storage;
		};
		AC9ED4982B8CC5AB001183F3 /* Supabase */ = {
			isa = XCSwiftPackageProductDependency;
			package = AC9ED47F2B8CC0AD001183F3 /* XCRemoteSwiftPackageReference "supabase-swift" */;
			productName = Supabase;
		};
/* End XCSwiftPackageProductDependency section */
	};
	rootObject = AC3F3C712B80CC8700D306C0 /* Project object */;
}
